
Microsoft Visual Studio Solution File, Format Version 12.00
# Visual Studio Version 16
VisualStudioVersion = 16.0.28606.126
MinimumVisualStudioVersion = 10.0.40219.1
Project("{FAE04EC0-301F-11D3-BF4B-00C04F79EFBC}") = "BindingConfigurator", "BindingConfigurator\BindingConfigurator.csproj", "{46652ECC-4DAB-4843-AF20-EBC7E5CF27C7}"
EndProject
Project("{2150E333-8FDC-42A3-9474-1A3956D46DE8}") = "library-source", "library-source", "{2542672B-C2DD-4281-8CC5-474F91AF9B5E}"
EndProject
Project("{FAE04EC0-301F-11D3-BF4B-00C04F79EFBC}") = "HolisticWare.Xamarin.Tools.Bindings.XamarinAndroid.FassBinderMeister.Data", "..\source\HolisticWare.Xamarin.Tools.Bindings.XamarinAndroid.FassBinderMeister.Data\HolisticWare.Xamarin.Tools.Bindings.XamarinAndroid.FassBinderMeister.Data.csproj", "{1246B684-7FA2-47AB-B0FE-14D486887811}"
EndProject
Project("{FAE04EC0-301F-11D3-BF4B-00C04F79EFBC}") = "HolisticWare.Xamarin.Tools.Bindings.XamarinAndroid.FassBinderMeister", "..\source\HolisticWare.Xamarin.Tools.Bindings.XamarinAndroid.FassBinderMeister\HolisticWare.Xamarin.Tools.Bindings.XamarinAndroid.FassBinderMeister.csproj", "{47AA3EC8-2565-47E0-ACD9-BFA8DC2A358D}"
EndProject
Global
	GlobalSection(SolutionConfigurationPlatforms) = preSolution
		Debug|Any CPU = Debug|Any CPU
		Release|Any CPU = Release|Any CPU
	EndGlobalSection
	GlobalSection(ProjectConfigurationPlatforms) = postSolution
		{46652ECC-4DAB-4843-AF20-EBC7E5CF27C7}.Debug|Any CPU.ActiveCfg = Debug|Any CPU
		{46652ECC-4DAB-4843-AF20-EBC7E5CF27C7}.Debug|Any CPU.Build.0 = Debug|Any CPU
		{46652ECC-4DAB-4843-AF20-EBC7E5CF27C7}.Release|Any CPU.ActiveCfg = Release|Any CPU
		{46652ECC-4DAB-4843-AF20-EBC7E5CF27C7}.Release|Any CPU.Build.0 = Release|Any CPU
		{1246B684-7FA2-47AB-B0FE-14D486887811}.Debug|Any CPU.ActiveCfg = Debug|Any CPU
		{1246B684-7FA2-47AB-B0FE-14D486887811}.Debug|Any CPU.Build.0 = Debug|Any CPU
		{1246B684-7FA2-47AB-B0FE-14D486887811}.Release|Any CPU.ActiveCfg = Release|Any CPU
		{1246B684-7FA2-47AB-B0FE-14D486887811}.Release|Any CPU.Build.0 = Release|Any CPU
		{47AA3EC8-2565-47E0-ACD9-BFA8DC2A358D}.Debug|Any CPU.ActiveCfg = Debug|Any CPU
		{47AA3EC8-2565-47E0-ACD9-BFA8DC2A358D}.Debug|Any CPU.Build.0 = Debug|Any CPU
		{47AA3EC8-2565-47E0-ACD9-BFA8DC2A358D}.Release|Any CPU.ActiveCfg = Release|Any CPU
		{47AA3EC8-2565-47E0-ACD9-BFA8DC2A358D}.Release|Any CPU.Build.0 = Release|Any CPU
	EndGlobalSection
	GlobalSection(NestedProjects) = preSolution
		{1246B684-7FA2-47AB-B0FE-14D486887811} = {2542672B-C2DD-4281-8CC5-474F91AF9B5E}
		{47AA3EC8-2565-47E0-ACD9-BFA8DC2A358D} = {2542672B-C2DD-4281-8CC5-474F91AF9B5E}
	EndGlobalSection
EndGlobal
