
Microsoft Visual Studio Solution File, Format Version 12.00
# Visual Studio Version 17
VisualStudioVersion = 17.0.31903.59
MinimumVisualStudioVersion = 10.0.40219.1
Project("{FAE04EC0-301F-11D3-BF4B-00C04F79EFBC}") = "BindingConfigurator", "BindingConfigurator\BindingConfigurator.csproj", "{E58090AC-A017-45CA-8D8D-AE5843C54361}"
EndProject
Project("{FAE04EC0-301F-11D3-BF4B-00C04F79EFBC}") = "HolisticWare.Xamarin.Tools.NeekNoke", "HolisticWare.Xamarin.Tools.NeekNoke\HolisticWare.Xamarin.Tools.NeekNoke.csproj", "{F7FD93B6-65A5-4DAF-AD8C-76C1156994F0}"
EndProject
Project("{FAE04EC0-301F-11D3-BF4B-00C04F79EFBC}") = "HolisticWare.Xamarin.Tools.NeekNoke.Data", "HolisticWare.Xamarin.Tools.NeekNoke.Data\HolisticWare.Xamarin.Tools.NeekNoke.Data.csproj", "{4C65165A-4EF5-4932-A848-34859379E4A3}"
EndProject
Global
	GlobalSection(SolutionConfigurationPlatforms) = preSolution
		Debug|Any CPU = Debug|Any CPU
		Release|Any CPU = Release|Any CPU
	EndGlobalSection
	GlobalSection(SolutionProperties) = preSolution
		HideSolutionNode = FALSE
	EndGlobalSection
	GlobalSection(ProjectConfigurationPlatforms) = postSolution
		{E58090AC-A017-45CA-8D8D-AE5843C54361}.Debug|Any CPU.ActiveCfg = Debug|Any CPU
		{E58090AC-A017-45CA-8D8D-AE5843C54361}.Debug|Any CPU.Build.0 = Debug|Any CPU
		{E58090AC-A017-45CA-8D8D-AE5843C54361}.Release|Any CPU.ActiveCfg = Release|Any CPU
		{E58090AC-A017-45CA-8D8D-AE5843C54361}.Release|Any CPU.Build.0 = Release|Any CPU
		{F7FD93B6-65A5-4DAF-AD8C-76C1156994F0}.Debug|Any CPU.ActiveCfg = Debug|Any CPU
		{F7FD93B6-65A5-4DAF-AD8C-76C1156994F0}.Debug|Any CPU.Build.0 = Debug|Any CPU
		{F7FD93B6-65A5-4DAF-AD8C-76C1156994F0}.Release|Any CPU.ActiveCfg = Release|Any CPU
		{F7FD93B6-65A5-4DAF-AD8C-76C1156994F0}.Release|Any CPU.Build.0 = Release|Any CPU
		{4C65165A-4EF5-4932-A848-34859379E4A3}.Debug|Any CPU.ActiveCfg = Debug|Any CPU
		{4C65165A-4EF5-4932-A848-34859379E4A3}.Debug|Any CPU.Build.0 = Debug|Any CPU
		{4C65165A-4EF5-4932-A848-34859379E4A3}.Release|Any CPU.ActiveCfg = Release|Any CPU
		{4C65165A-4EF5-4932-A848-34859379E4A3}.Release|Any CPU.Build.0 = Release|Any CPU
	EndGlobalSection
EndGlobal
