
Microsoft Visual Studio Solution File, Format Version 12.00
# Visual Studio Version 17
VisualStudioVersion = 17.1.31903.286
MinimumVisualStudioVersion = 10.0.40219.1
Project("{2150E333-8FDC-42A3-9474-1A3956D46DE8}") = "library-source", "library-source", "{56123580-99E9-45AC-8300-ABF8EE1D021E}"
	ProjectSection(SolutionItems) = preProject
		..\..\..\source\Directory.Build.props = ..\..\..\source\Directory.Build.props
		..\..\..\source\Directory.Packages.props = ..\..\..\source\Directory.Packages.props
		..\..\..\source\Rules-N-Recommendations.ruleset = ..\..\..\source\Rules-N-Recommendations.ruleset
	EndProjectSection
EndProject
Project("{D954291E-2A0B-460D-934E-DC6B0785DB48}") = "UnitTests.Common.Utils.Shared", "..\UnitTests.Common.Utils.Shared\UnitTests.Common.Utils.Shared.shproj", "{E390F6DA-9F4B-43A4-8ABF-F9434DF2C70D}"
EndProject
Project("{2150E333-8FDC-42A3-9474-1A3956D46DE8}") = "test-runner-projects", "test-runner-projects", "{C362EF23-0582-49A5-A658-3F12E0885F1C}"
	ProjectSection(SolutionItems) = preProject
		..\Directory.Packages.props = ..\Directory.Packages.props
		..\..\global.json = ..\..\global.json
	EndProjectSection
EndProject
Project("{FAE04EC0-301F-11D3-BF4B-00C04F79EFBC}") = "UnitTests.XUnit", "netstandard10\UnitTests.XUnit\UnitTests.XUnit.csproj", "{20720034-0C48-47D1-9B31-743088366300}"
EndProject
Project("{FAE04EC0-301F-11D3-BF4B-00C04F79EFBC}") = "UnitTests.NUnit.XamarinAndroid", "netstandard10\UnitTests.NUnit.XamarinAndroid\UnitTests.NUnit.XamarinAndroid.csproj", "{6144C0CB-53EB-4BFD-B30C-62566C1BE10A}"
EndProject
Project("{9A19103F-16F7-4668-BE54-9A1E7A4F7556}") = "HolisticWare.Xamarin.Tools.Bindings.XamarinAndroid.FassBinderMeister", "..\..\..\source\HolisticWare.Xamarin.Tools.Bindings.XamarinAndroid.FassBinderMeister\HolisticWare.Xamarin.Tools.Bindings.XamarinAndroid.FassBinderMeister.csproj", "{541CA104-B14D-45DA-A5AC-CE9D852D3F3E}"
EndProject
Project("{9A19103F-16F7-4668-BE54-9A1E7A4F7556}") = "HolisticWare.Xamarin.Tools.Bindings.XamarinAndroid.FassBinderMeister.Data", "..\..\..\source\HolisticWare.Xamarin.Tools.Bindings.XamarinAndroid.FassBinderMeister.Data\HolisticWare.Xamarin.Tools.Bindings.XamarinAndroid.FassBinderMeister.Data.csproj", "{B7A2EA9F-9D42-440A-9A12-F3A64B179E01}"
EndProject
Project("{9A19103F-16F7-4668-BE54-9A1E7A4F7556}") = "HolisticWare.Xamarin.Tools.GitHub", "..\..\..\source\HolisticWare.Xamarin.Tools.GitHub\HolisticWare.Xamarin.Tools.GitHub.csproj", "{9D245D80-B18E-4D3F-BC96-94C1CB8A1228}"
EndProject
Project("{2150E333-8FDC-42A3-9474-1A3956D46DE8}") = "externals", "externals", "{4CA4F6C3-EE77-4829-B0AA-A4D1BA076720}"
EndProject
Project("{2150E333-8FDC-42A3-9474-1A3956D46DE8}") = "samples", "samples", "{80C70099-123A-4EEC-B2C0-426E7244B592}"
	ProjectSection(SolutionItems) = preProject
		..\..\..\samples\global.json = ..\..\..\samples\global.json
	EndProjectSection
EndProject
Project("{9A19103F-16F7-4668-BE54-9A1E7A4F7556}") = "HolisticWare.Xamarin.Tools.Bindings.XamarinAndroid.Maven", "..\..\..\source\HolisticWare.Xamarin.Tools.Bindings.XamarinAndroid.Maven\HolisticWare.Xamarin.Tools.Bindings.XamarinAndroid.Maven.csproj", "{DE08CDA6-AFAA-4724-A5F0-9D2B500F5A2D}"
EndProject
Project("{D954291E-2A0B-460D-934E-DC6B0785DB48}") = "Tests.CommonShared", "..\..\Tests.CommonShared\Tests.CommonShared.shproj", "{13AB4AD2-D077-48E0-B6F2-791BC25EB413}"
EndProject
Project("{9A19103F-16F7-4668-BE54-9A1E7A4F7556}") = "HolisticWare.Xamarin.Tools.NuGet.Client.Core", "..\..\..\source\HolisticWare.Xamarin.Tools.NuGet.Client.Core\HolisticWare.Xamarin.Tools.NuGet.Client.Core.csproj", "{8238001D-6665-46B7-BB8C-8E2857AB1C87}"
EndProject
Project("{9A19103F-16F7-4668-BE54-9A1E7A4F7556}") = "HolisticWare.Xamarin.Tools.NuGet.Client.ClientAPI", "..\..\..\source\HolisticWare.Xamarin.Tools.NuGet.Client.ClientAPI\HolisticWare.Xamarin.Tools.NuGet.Client.ClientAPI.csproj", "{4F9C1C18-A9EC-45A0-9780-730D15E05316}"
EndProject
Project("{9A19103F-16F7-4668-BE54-9A1E7A4F7556}") = "HolisticWare.Xamarin.Tools.NuGet.Client.ServerAPI", "..\..\..\source\HolisticWare.Xamarin.Tools.NuGet.Client.ServerAPI\HolisticWare.Xamarin.Tools.NuGet.Client.ServerAPI.csproj", "{29FE79A0-6128-47C7-A804-C1D8D3B7EDC7}"
EndProject
Project("{2150E333-8FDC-42A3-9474-1A3956D46DE8}") = "Solution Items", "Solution Items", "{5F7DFABD-679F-435B-8875-884BB54A9DD4}"
	ProjectSection(SolutionItems) = preProject
		..\Directory.Packages.props = ..\Directory.Packages.props
	EndProjectSection
EndProject
Project("{9A19103F-16F7-4668-BE54-9A1E7A4F7556}") = "HolisticWare.Xamarin.Tools.Maven", "..\..\..\source\HolisticWare.Xamarin.Tools.Maven\HolisticWare.Xamarin.Tools.Maven.csproj", "{86A1A2E4-BCA8-4F6C-B66B-0C60940138C2}"
EndProject
Project("{9A19103F-16F7-4668-BE54-9A1E7A4F7556}") = "HolisticWare.Xamarin.Tools.Maven.Repositories", "..\..\..\source\HolisticWare.Xamarin.Tools.Maven.Repositories\HolisticWare.Xamarin.Tools.Maven.Repositories.csproj", "{CAEA0836-B35A-44A0-B741-04DCB90C5926}"
EndProject
Project("{FAE04EC0-301F-11D3-BF4B-00C04F79EFBC}") = "UnitTests.NUnit.XamarinIOS", "netstandard10\UnitTests.NUnit.XamarinIOS\UnitTests.NUnit.XamarinIOS.csproj", "{454143FE-45E8-48CE-AE04-71BFB0B413DB}"
EndProject
Project("{9A19103F-16F7-4668-BE54-9A1E7A4F7556}") = "UnitTests.MSTest", "netstandard10\UnitTests.MSTest\UnitTests.MSTest.csproj", "{56422C9D-17D1-4E86-BDBD-9DB52903A96F}"
EndProject
Project("{9A19103F-16F7-4668-BE54-9A1E7A4F7556}") = "UnitTests.NUnit", "netstandard10\UnitTests.NUnit\UnitTests.NUnit.csproj", "{A01B6471-41BD-4CE2-876F-D954E44C9662}"
EndProject
Project("{2150E333-8FDC-42A3-9474-1A3956D46DE8}") = "externals-submodules", "externals-submodules", "{AAE5A232-F9C4-4717-A804-C84AD4E28AF4}"
EndProject
Project("{2150E333-8FDC-42A3-9474-1A3956D46DE8}") = "Core", "Core", "{336F3096-F1D2-47D6-859D-5165B7D2F994}"
EndProject
Project("{2150E333-8FDC-42A3-9474-1A3956D46DE8}") = "Core.Net", "Core.Net", "{190E01DB-84A4-4473-87C2-C53F1FEB692D}"
EndProject
Project("{2150E333-8FDC-42A3-9474-1A3956D46DE8}") = "Core.IO", "Core.IO", "{CEA032CE-04F2-4EDE-92C6-BBA7659947E2}"
EndProject
Project("{2150E333-8FDC-42A3-9474-1A3956D46DE8}") = "Core.Versioning", "Core.Versioning", "{16EE453A-C98C-4C39-9834-FF7D44462086}"
EndProject
Project("{FAE04EC0-301F-11D3-BF4B-00C04F79EFBC}") = "HolisticWare.Core.Versioning", "..\..\..\externals-submodules\Core.Versioning\source\HolisticWare.Core.Versioning\HolisticWare.Core.Versioning.csproj", "{6901FB63-1697-4955-8096-7AAE88BA63BC}"
EndProject
Project("{FAE04EC0-301F-11D3-BF4B-00C04F79EFBC}") = "HolisticWare.Core.Net.HTTP", "..\..\..\externals-submodules\Core.Net\source\HolisticWare.Core.Net.HTTP\HolisticWare.Core.Net.HTTP.csproj", "{10AD1889-43C3-4038-9F56-4EF251D86C3F}"
EndProject
Project("{FAE04EC0-301F-11D3-BF4B-00C04F79EFBC}") = "HolisticWare.Core.Net", "..\..\..\externals-submodules\Core.Net\source\HolisticWare.Core.Net\HolisticWare.Core.Net.csproj", "{DCB5977E-3077-4F17-B8EE-D56E37069D86}"
EndProject
Project("{FAE04EC0-301F-11D3-BF4B-00C04F79EFBC}") = "HolisticWare.Core.IO", "..\..\..\externals-submodules\Core.IO\source\HolisticWare.Core.IO\HolisticWare.Core.IO.csproj", "{65518097-65A0-4D26-AE4C-4236E7F09DDD}"
EndProject
Project("{FAE04EC0-301F-11D3-BF4B-00C04F79EFBC}") = "HolisticWare.Core", "..\..\..\externals-submodules\Core\source\HolisticWare.Core\HolisticWare.Core.csproj", "{35A11B74-7424-4022-AC7D-BAB29F59CDED}"
EndProject
Project("{2150E333-8FDC-42A3-9474-1A3956D46DE8}") = "Core.Serialization", "Core.Serialization", "{A2C027EA-6D38-4AE5-A8FC-4A8E0D6B30FD}"
EndProject
Project("{FAE04EC0-301F-11D3-BF4B-00C04F79EFBC}") = "HolisticWare.Core.Serialization", "..\..\..\externals-submodules\Core.Serialization\source\HolisticWare.Core.Serialization\HolisticWare.Core.Serialization.csproj", "{0D0C52B3-BA64-4207-8AEB-617A975A765D}"
EndProject
Project("{2150E333-8FDC-42A3-9474-1A3956D46DE8}") = "Core.Math.GraphTheory", "Core.Math.GraphTheory", "{9D2A9260-1559-4A87-9C1E-62FEFBEA6B4B}"
EndProject
Project("{FAE04EC0-301F-11D3-BF4B-00C04F79EFBC}") = "HolisticWare.Core.Math.Discrete.GraphTheory.netstandard10", "..\..\..\externals-submodules\Core.Math.Discrete.GraphTheory\source\HolisticWare.Core.Math.Discrete.GraphTheory.netstandard10\HolisticWare.Core.Math.Discrete.GraphTheory.netstandard10.csproj", "{DFB9A6B0-9AED-4F19-BDAC-2CB1DE3C401E}"
EndProject
Project("{D954291E-2A0B-460D-934E-DC6B0785DB48}") = "HolisticWare.Core.Math.Discrete.GraphTheory.netstandard10-shared", "..\..\..\externals-submodules\Core.Math.Discrete.GraphTheory\source\HolisticWare.Core.Math.Discrete.GraphTheory.netstandard10-shared\HolisticWare.Core.Math.Discrete.GraphTheory.netstandard10-shared.shproj", "{C0839C83-7725-420D-B39A-6B5E5FBF7162}"
EndProject
Project("{2150E333-8FDC-42A3-9474-1A3956D46DE8}") = "Core.Text", "Core.Text", "{139D0A00-E382-4C5A-971F-9CE2DAC75D04}"
EndProject
Project("{FAE04EC0-301F-11D3-BF4B-00C04F79EFBC}") = "HolisticWare.Core.Text", "..\..\..\externals-submodules\Core.Text\source\HolisticWare.Core.Text\HolisticWare.Core.Text.csproj", "{622EDBD0-87AF-450C-8730-F672E75AE571}"
EndProject
Project("{FAE04EC0-301F-11D3-BF4B-00C04F79EFBC}") = "HolisticWare.Core.Text.Transformations", "..\..\..\externals-submodules\Core.Text\source\HolisticWare.Core.Text.Transformations\HolisticWare.Core.Text.Transformations.csproj", "{FAF54A1F-EBE4-405D-95AF-4E3BA9541625}"
EndProject
Project("{FAE04EC0-301F-11D3-BF4B-00C04F79EFBC}") = "HolisticWare.Xamarin.Tools.Bindings.XamarinAndroid.FassBinderMeister.Core", "..\..\..\source\HolisticWare.Xamarin.Tools.Bindings.XamarinAndroid.FassBinderMeister.Core\HolisticWare.Xamarin.Tools.Bindings.XamarinAndroid.FassBinderMeister.Core.csproj", "{8906D416-8BFD-470E-AD33-FC6865C16DCD}"
EndProject
Project("{FAE04EC0-301F-11D3-BF4B-00C04F79EFBC}") = "HolisticWare.Xamarin.Tools.Bindings.XamarinAndroid.FassBinderMeister.Extensions", "..\..\..\source\HolisticWare.Xamarin.Tools.Bindings.XamarinAndroid.FassBinderMeister.Extensions\HolisticWare.Xamarin.Tools.Bindings.XamarinAndroid.FassBinderMeister.Extensions.csproj", "{2B375FB4-3B39-401A-BE7E-5D783206A6D5}"
EndProject
Project("{FAE04EC0-301F-11D3-BF4B-00C04F79EFBC}") = "HolisticWare.Xamarin.Tools.ComponentGovernance", "..\..\..\source\HolisticWare.Xamarin.Tools.ComponentGovernance\HolisticWare.Xamarin.Tools.ComponentGovernance.csproj", "{950496C1-F5F4-4D38-A019-860C3D5C5AA6}"
EndProject
Project("{2150E333-8FDC-42A3-9474-1A3956D46DE8}") = "externals-submodules", "externals-submodules", "{619F32EF-FAF6-476A-8B3E-9E76F9C9036C}"
EndProject
Project("{FAE04EC0-301F-11D3-BF4B-00C04F79EFBC}") = "HolisticWare.Core.IO", "..\..\..\externals-submodules\Core.Net\externals-submodules\HWC.IO\source\HolisticWare.Core.IO\HolisticWare.Core.IO.csproj", "{54AD8971-AEFC-49B4-BC5E-BA0A672174B8}"
EndProject
Project("{FAE04EC0-301F-11D3-BF4B-00C04F79EFBC}") = "HolisticWare.Xamarin.Tools.NuGet.NeekNoke", "..\..\..\source\HolisticWare.Xamarin.Tools.NuGet.NeekNoke\HolisticWare.Xamarin.Tools.NuGet.NeekNoke.csproj", "{4CA1706E-4514-4006-877E-67EDF628015F}"
EndProject
Project("{FAE04EC0-301F-11D3-BF4B-00C04F79EFBC}") = "BindingConfigurator", "..\..\..\samples\console\apps\project-references\BindingConfigurator\BindingConfigurator.csproj", "{508D0C41-99BF-4CCC-AC76-ED86007E6DA6}"
EndProject
Project("{FAE04EC0-301F-11D3-BF4B-00C04F79EFBC}") = "HolisticWare.Xamarin.Tools.NeekNoke.System.Text.JSON", "..\..\..\samples\console\apps\project-references\HolisticWare.Xamarin.Tools.NeekNoke.System.Text.JSON\HolisticWare.Xamarin.Tools.NeekNoke.System.Text.JSON.csproj", "{704D3C25-22FF-4958-94AF-A4B8F88FB984}"
EndProject
Project("{FAE04EC0-301F-11D3-BF4B-00C04F79EFBC}") = "HolisticWare.Xamarin.Tools.NeekNoke.Data", "..\..\..\samples\console\apps\project-references\HolisticWare.Xamarin.Tools.NeekNoke.Data\HolisticWare.Xamarin.Tools.NeekNoke.Data.csproj", "{8B7D3C73-654B-4C60-8540-B6035C0F78E0}"
EndProject
Project("{FAE04EC0-301F-11D3-BF4B-00C04F79EFBC}") = "HolisticWare.Xamarin.Tools.NeekNoke.Jil", "..\..\..\samples\console\apps\project-references\HolisticWare.Xamarin.Tools.NeekNoke.Jil\HolisticWare.Xamarin.Tools.NeekNoke.Jil.csproj", "{6AD8B68D-7223-4524-9C9A-1DFA8354AD40}"
EndProject
Project("{FAE04EC0-301F-11D3-BF4B-00C04F79EFBC}") = "HolisticWare.Xamarin.Tools.NeekNoke.Newtonsoft.JSON", "..\..\..\samples\console\apps\project-references\HolisticWare.Xamarin.Tools.NeekNoke.Newtonsoft.JSON\HolisticWare.Xamarin.Tools.NeekNoke.Newtonsoft.JSON.csproj", "{10745262-8AB2-4D3F-87CA-120801DF6619}"
EndProject
Project("{FAE04EC0-301F-11D3-BF4B-00C04F79EFBC}") = "HolisticWare.Xamarin.Tools.NeekNoke.SpanJson", "..\..\..\samples\console\apps\project-references\HolisticWare.Xamarin.Tools.NeekNoke.SpanJson\HolisticWare.Xamarin.Tools.NeekNoke.SpanJson.csproj", "{BD136812-B48C-44F4-B690-D45456D4F8CC}"
EndProject
Global
	GlobalSection(SharedMSBuildProjectFiles) = preSolution
		..\..\Tests.CommonShared\Tests.CommonShared.projitems*{13ab4ad2-d077-48e0-b6f2-791bc25eb413}*SharedItemsImports = 13
		..\..\Tests.CommonShared\Tests.CommonShared.projitems*{20720034-0c48-47d1-9b31-743088366300}*SharedItemsImports = 5
		..\UnitTests.Common.Utils.Shared\UnitTests.Common.Utils.Shared.projitems*{20720034-0c48-47d1-9b31-743088366300}*SharedItemsImports = 5
		..\..\Tests.CommonShared\Tests.CommonShared.projitems*{454143fe-45e8-48ce-ae04-71bfb0b413db}*SharedItemsImports = 4
		..\UnitTests.Common.Utils.Shared\UnitTests.Common.Utils.Shared.projitems*{454143fe-45e8-48ce-ae04-71bfb0b413db}*SharedItemsImports = 4
		..\..\Tests.CommonShared\Tests.CommonShared.projitems*{56422c9d-17d1-4e86-bdbd-9db52903a96f}*SharedItemsImports = 5
		..\UnitTests.Common.Utils.Shared\UnitTests.Common.Utils.Shared.projitems*{56422c9d-17d1-4e86-bdbd-9db52903a96f}*SharedItemsImports = 5
		..\..\Tests.CommonShared\Tests.CommonShared.projitems*{6144c0cb-53eb-4bfd-b30c-62566c1be10a}*SharedItemsImports = 4
		..\UnitTests.Common.Utils.Shared\UnitTests.Common.Utils.Shared.projitems*{6144c0cb-53eb-4bfd-b30c-62566c1be10a}*SharedItemsImports = 4
		..\..\Tests.CommonShared\Tests.CommonShared.projitems*{a01b6471-41bd-4ce2-876f-d954e44c9662}*SharedItemsImports = 5
		..\UnitTests.Common.Utils.Shared\UnitTests.Common.Utils.Shared.projitems*{a01b6471-41bd-4ce2-876f-d954e44c9662}*SharedItemsImports = 5
		..\UnitTests.Common.Utils.Shared\UnitTests.Common.Utils.Shared.projitems*{e390f6da-9f4b-43a4-8abf-f9434df2c70d}*SharedItemsImports = 13
	EndGlobalSection
	GlobalSection(SolutionConfigurationPlatforms) = preSolution
		Debug|Any CPU = Debug|Any CPU
		Debug|iPhone = Debug|iPhone
		Debug|iPhoneSimulator = Debug|iPhoneSimulator
		Release|Any CPU = Release|Any CPU
		Release|iPhone = Release|iPhone
		Release|iPhoneSimulator = Release|iPhoneSimulator
	EndGlobalSection
	GlobalSection(ProjectConfigurationPlatforms) = postSolution
		{20720034-0C48-47D1-9B31-743088366300}.Debug|Any CPU.ActiveCfg = Debug|Any CPU
		{20720034-0C48-47D1-9B31-743088366300}.Debug|Any CPU.Build.0 = Debug|Any CPU
		{20720034-0C48-47D1-9B31-743088366300}.Debug|iPhone.ActiveCfg = Debug|Any CPU
		{20720034-0C48-47D1-9B31-743088366300}.Debug|iPhone.Build.0 = Debug|Any CPU
		{20720034-0C48-47D1-9B31-743088366300}.Debug|iPhoneSimulator.ActiveCfg = Debug|Any CPU
		{20720034-0C48-47D1-9B31-743088366300}.Debug|iPhoneSimulator.Build.0 = Debug|Any CPU
		{20720034-0C48-47D1-9B31-743088366300}.Release|Any CPU.ActiveCfg = Release|Any CPU
		{20720034-0C48-47D1-9B31-743088366300}.Release|Any CPU.Build.0 = Release|Any CPU
		{20720034-0C48-47D1-9B31-743088366300}.Release|iPhone.ActiveCfg = Release|Any CPU
		{20720034-0C48-47D1-9B31-743088366300}.Release|iPhone.Build.0 = Release|Any CPU
		{20720034-0C48-47D1-9B31-743088366300}.Release|iPhoneSimulator.ActiveCfg = Release|Any CPU
		{20720034-0C48-47D1-9B31-743088366300}.Release|iPhoneSimulator.Build.0 = Release|Any CPU
		{6144C0CB-53EB-4BFD-B30C-62566C1BE10A}.Debug|Any CPU.ActiveCfg = Debug|Any CPU
		{6144C0CB-53EB-4BFD-B30C-62566C1BE10A}.Debug|Any CPU.Build.0 = Debug|Any CPU
		{6144C0CB-53EB-4BFD-B30C-62566C1BE10A}.Debug|iPhone.ActiveCfg = Debug|Any CPU
		{6144C0CB-53EB-4BFD-B30C-62566C1BE10A}.Debug|iPhone.Build.0 = Debug|Any CPU
		{6144C0CB-53EB-4BFD-B30C-62566C1BE10A}.Debug|iPhoneSimulator.ActiveCfg = Debug|Any CPU
		{6144C0CB-53EB-4BFD-B30C-62566C1BE10A}.Debug|iPhoneSimulator.Build.0 = Debug|Any CPU
		{6144C0CB-53EB-4BFD-B30C-62566C1BE10A}.Release|Any CPU.ActiveCfg = Release|Any CPU
		{6144C0CB-53EB-4BFD-B30C-62566C1BE10A}.Release|Any CPU.Build.0 = Release|Any CPU
		{6144C0CB-53EB-4BFD-B30C-62566C1BE10A}.Release|iPhone.ActiveCfg = Release|Any CPU
		{6144C0CB-53EB-4BFD-B30C-62566C1BE10A}.Release|iPhone.Build.0 = Release|Any CPU
		{6144C0CB-53EB-4BFD-B30C-62566C1BE10A}.Release|iPhoneSimulator.ActiveCfg = Release|Any CPU
		{6144C0CB-53EB-4BFD-B30C-62566C1BE10A}.Release|iPhoneSimulator.Build.0 = Release|Any CPU
		{541CA104-B14D-45DA-A5AC-CE9D852D3F3E}.Debug|Any CPU.ActiveCfg = Debug|Any CPU
		{541CA104-B14D-45DA-A5AC-CE9D852D3F3E}.Debug|Any CPU.Build.0 = Debug|Any CPU
		{541CA104-B14D-45DA-A5AC-CE9D852D3F3E}.Debug|iPhone.ActiveCfg = Debug|Any CPU
		{541CA104-B14D-45DA-A5AC-CE9D852D3F3E}.Debug|iPhone.Build.0 = Debug|Any CPU
		{541CA104-B14D-45DA-A5AC-CE9D852D3F3E}.Debug|iPhoneSimulator.ActiveCfg = Debug|Any CPU
		{541CA104-B14D-45DA-A5AC-CE9D852D3F3E}.Debug|iPhoneSimulator.Build.0 = Debug|Any CPU
		{541CA104-B14D-45DA-A5AC-CE9D852D3F3E}.Release|Any CPU.ActiveCfg = Release|Any CPU
		{541CA104-B14D-45DA-A5AC-CE9D852D3F3E}.Release|Any CPU.Build.0 = Release|Any CPU
		{541CA104-B14D-45DA-A5AC-CE9D852D3F3E}.Release|iPhone.ActiveCfg = Release|Any CPU
		{541CA104-B14D-45DA-A5AC-CE9D852D3F3E}.Release|iPhone.Build.0 = Release|Any CPU
		{541CA104-B14D-45DA-A5AC-CE9D852D3F3E}.Release|iPhoneSimulator.ActiveCfg = Release|Any CPU
		{541CA104-B14D-45DA-A5AC-CE9D852D3F3E}.Release|iPhoneSimulator.Build.0 = Release|Any CPU
		{B7A2EA9F-9D42-440A-9A12-F3A64B179E01}.Debug|Any CPU.ActiveCfg = Debug|Any CPU
		{B7A2EA9F-9D42-440A-9A12-F3A64B179E01}.Debug|Any CPU.Build.0 = Debug|Any CPU
		{B7A2EA9F-9D42-440A-9A12-F3A64B179E01}.Debug|iPhone.ActiveCfg = Debug|Any CPU
		{B7A2EA9F-9D42-440A-9A12-F3A64B179E01}.Debug|iPhone.Build.0 = Debug|Any CPU
		{B7A2EA9F-9D42-440A-9A12-F3A64B179E01}.Debug|iPhoneSimulator.ActiveCfg = Debug|Any CPU
		{B7A2EA9F-9D42-440A-9A12-F3A64B179E01}.Debug|iPhoneSimulator.Build.0 = Debug|Any CPU
		{B7A2EA9F-9D42-440A-9A12-F3A64B179E01}.Release|Any CPU.ActiveCfg = Release|Any CPU
		{B7A2EA9F-9D42-440A-9A12-F3A64B179E01}.Release|Any CPU.Build.0 = Release|Any CPU
		{B7A2EA9F-9D42-440A-9A12-F3A64B179E01}.Release|iPhone.ActiveCfg = Release|Any CPU
		{B7A2EA9F-9D42-440A-9A12-F3A64B179E01}.Release|iPhone.Build.0 = Release|Any CPU
		{B7A2EA9F-9D42-440A-9A12-F3A64B179E01}.Release|iPhoneSimulator.ActiveCfg = Release|Any CPU
		{B7A2EA9F-9D42-440A-9A12-F3A64B179E01}.Release|iPhoneSimulator.Build.0 = Release|Any CPU
		{9D245D80-B18E-4D3F-BC96-94C1CB8A1228}.Debug|Any CPU.ActiveCfg = Debug|Any CPU
		{9D245D80-B18E-4D3F-BC96-94C1CB8A1228}.Debug|Any CPU.Build.0 = Debug|Any CPU
		{9D245D80-B18E-4D3F-BC96-94C1CB8A1228}.Debug|iPhone.ActiveCfg = Debug|Any CPU
		{9D245D80-B18E-4D3F-BC96-94C1CB8A1228}.Debug|iPhone.Build.0 = Debug|Any CPU
		{9D245D80-B18E-4D3F-BC96-94C1CB8A1228}.Debug|iPhoneSimulator.ActiveCfg = Debug|Any CPU
		{9D245D80-B18E-4D3F-BC96-94C1CB8A1228}.Debug|iPhoneSimulator.Build.0 = Debug|Any CPU
		{9D245D80-B18E-4D3F-BC96-94C1CB8A1228}.Release|Any CPU.ActiveCfg = Release|Any CPU
		{9D245D80-B18E-4D3F-BC96-94C1CB8A1228}.Release|Any CPU.Build.0 = Release|Any CPU
		{9D245D80-B18E-4D3F-BC96-94C1CB8A1228}.Release|iPhone.ActiveCfg = Release|Any CPU
		{9D245D80-B18E-4D3F-BC96-94C1CB8A1228}.Release|iPhone.Build.0 = Release|Any CPU
		{9D245D80-B18E-4D3F-BC96-94C1CB8A1228}.Release|iPhoneSimulator.ActiveCfg = Release|Any CPU
		{9D245D80-B18E-4D3F-BC96-94C1CB8A1228}.Release|iPhoneSimulator.Build.0 = Release|Any CPU
		{DE08CDA6-AFAA-4724-A5F0-9D2B500F5A2D}.Debug|Any CPU.ActiveCfg = Debug|Any CPU
		{DE08CDA6-AFAA-4724-A5F0-9D2B500F5A2D}.Debug|Any CPU.Build.0 = Debug|Any CPU
		{DE08CDA6-AFAA-4724-A5F0-9D2B500F5A2D}.Debug|iPhone.ActiveCfg = Debug|Any CPU
		{DE08CDA6-AFAA-4724-A5F0-9D2B500F5A2D}.Debug|iPhone.Build.0 = Debug|Any CPU
		{DE08CDA6-AFAA-4724-A5F0-9D2B500F5A2D}.Debug|iPhoneSimulator.ActiveCfg = Debug|Any CPU
		{DE08CDA6-AFAA-4724-A5F0-9D2B500F5A2D}.Debug|iPhoneSimulator.Build.0 = Debug|Any CPU
		{DE08CDA6-AFAA-4724-A5F0-9D2B500F5A2D}.Release|Any CPU.ActiveCfg = Release|Any CPU
		{DE08CDA6-AFAA-4724-A5F0-9D2B500F5A2D}.Release|Any CPU.Build.0 = Release|Any CPU
		{DE08CDA6-AFAA-4724-A5F0-9D2B500F5A2D}.Release|iPhone.ActiveCfg = Release|Any CPU
		{DE08CDA6-AFAA-4724-A5F0-9D2B500F5A2D}.Release|iPhone.Build.0 = Release|Any CPU
		{DE08CDA6-AFAA-4724-A5F0-9D2B500F5A2D}.Release|iPhoneSimulator.ActiveCfg = Release|Any CPU
		{DE08CDA6-AFAA-4724-A5F0-9D2B500F5A2D}.Release|iPhoneSimulator.Build.0 = Release|Any CPU
		{8238001D-6665-46B7-BB8C-8E2857AB1C87}.Debug|Any CPU.ActiveCfg = Debug|Any CPU
		{8238001D-6665-46B7-BB8C-8E2857AB1C87}.Debug|Any CPU.Build.0 = Debug|Any CPU
		{8238001D-6665-46B7-BB8C-8E2857AB1C87}.Debug|iPhone.ActiveCfg = Debug|Any CPU
		{8238001D-6665-46B7-BB8C-8E2857AB1C87}.Debug|iPhone.Build.0 = Debug|Any CPU
		{8238001D-6665-46B7-BB8C-8E2857AB1C87}.Debug|iPhoneSimulator.ActiveCfg = Debug|Any CPU
		{8238001D-6665-46B7-BB8C-8E2857AB1C87}.Debug|iPhoneSimulator.Build.0 = Debug|Any CPU
		{8238001D-6665-46B7-BB8C-8E2857AB1C87}.Release|Any CPU.ActiveCfg = Release|Any CPU
		{8238001D-6665-46B7-BB8C-8E2857AB1C87}.Release|Any CPU.Build.0 = Release|Any CPU
		{8238001D-6665-46B7-BB8C-8E2857AB1C87}.Release|iPhone.ActiveCfg = Release|Any CPU
		{8238001D-6665-46B7-BB8C-8E2857AB1C87}.Release|iPhone.Build.0 = Release|Any CPU
		{8238001D-6665-46B7-BB8C-8E2857AB1C87}.Release|iPhoneSimulator.ActiveCfg = Release|Any CPU
		{8238001D-6665-46B7-BB8C-8E2857AB1C87}.Release|iPhoneSimulator.Build.0 = Release|Any CPU
		{4F9C1C18-A9EC-45A0-9780-730D15E05316}.Debug|Any CPU.ActiveCfg = Debug|Any CPU
		{4F9C1C18-A9EC-45A0-9780-730D15E05316}.Debug|Any CPU.Build.0 = Debug|Any CPU
		{4F9C1C18-A9EC-45A0-9780-730D15E05316}.Debug|iPhone.ActiveCfg = Debug|Any CPU
		{4F9C1C18-A9EC-45A0-9780-730D15E05316}.Debug|iPhone.Build.0 = Debug|Any CPU
		{4F9C1C18-A9EC-45A0-9780-730D15E05316}.Debug|iPhoneSimulator.ActiveCfg = Debug|Any CPU
		{4F9C1C18-A9EC-45A0-9780-730D15E05316}.Debug|iPhoneSimulator.Build.0 = Debug|Any CPU
		{4F9C1C18-A9EC-45A0-9780-730D15E05316}.Release|Any CPU.ActiveCfg = Release|Any CPU
		{4F9C1C18-A9EC-45A0-9780-730D15E05316}.Release|Any CPU.Build.0 = Release|Any CPU
		{4F9C1C18-A9EC-45A0-9780-730D15E05316}.Release|iPhone.ActiveCfg = Release|Any CPU
		{4F9C1C18-A9EC-45A0-9780-730D15E05316}.Release|iPhone.Build.0 = Release|Any CPU
		{4F9C1C18-A9EC-45A0-9780-730D15E05316}.Release|iPhoneSimulator.ActiveCfg = Release|Any CPU
		{4F9C1C18-A9EC-45A0-9780-730D15E05316}.Release|iPhoneSimulator.Build.0 = Release|Any CPU
		{29FE79A0-6128-47C7-A804-C1D8D3B7EDC7}.Debug|Any CPU.ActiveCfg = Debug|Any CPU
		{29FE79A0-6128-47C7-A804-C1D8D3B7EDC7}.Debug|Any CPU.Build.0 = Debug|Any CPU
		{29FE79A0-6128-47C7-A804-C1D8D3B7EDC7}.Debug|iPhone.ActiveCfg = Debug|Any CPU
		{29FE79A0-6128-47C7-A804-C1D8D3B7EDC7}.Debug|iPhone.Build.0 = Debug|Any CPU
		{29FE79A0-6128-47C7-A804-C1D8D3B7EDC7}.Debug|iPhoneSimulator.ActiveCfg = Debug|Any CPU
		{29FE79A0-6128-47C7-A804-C1D8D3B7EDC7}.Debug|iPhoneSimulator.Build.0 = Debug|Any CPU
		{29FE79A0-6128-47C7-A804-C1D8D3B7EDC7}.Release|Any CPU.ActiveCfg = Release|Any CPU
		{29FE79A0-6128-47C7-A804-C1D8D3B7EDC7}.Release|Any CPU.Build.0 = Release|Any CPU
		{29FE79A0-6128-47C7-A804-C1D8D3B7EDC7}.Release|iPhone.ActiveCfg = Release|Any CPU
		{29FE79A0-6128-47C7-A804-C1D8D3B7EDC7}.Release|iPhone.Build.0 = Release|Any CPU
		{29FE79A0-6128-47C7-A804-C1D8D3B7EDC7}.Release|iPhoneSimulator.ActiveCfg = Release|Any CPU
		{29FE79A0-6128-47C7-A804-C1D8D3B7EDC7}.Release|iPhoneSimulator.Build.0 = Release|Any CPU
		{86A1A2E4-BCA8-4F6C-B66B-0C60940138C2}.Debug|Any CPU.ActiveCfg = Debug|Any CPU
		{86A1A2E4-BCA8-4F6C-B66B-0C60940138C2}.Debug|Any CPU.Build.0 = Debug|Any CPU
		{86A1A2E4-BCA8-4F6C-B66B-0C60940138C2}.Debug|iPhone.ActiveCfg = Debug|Any CPU
		{86A1A2E4-BCA8-4F6C-B66B-0C60940138C2}.Debug|iPhone.Build.0 = Debug|Any CPU
		{86A1A2E4-BCA8-4F6C-B66B-0C60940138C2}.Debug|iPhoneSimulator.ActiveCfg = Debug|Any CPU
		{86A1A2E4-BCA8-4F6C-B66B-0C60940138C2}.Debug|iPhoneSimulator.Build.0 = Debug|Any CPU
		{86A1A2E4-BCA8-4F6C-B66B-0C60940138C2}.Release|Any CPU.ActiveCfg = Release|Any CPU
		{86A1A2E4-BCA8-4F6C-B66B-0C60940138C2}.Release|Any CPU.Build.0 = Release|Any CPU
		{86A1A2E4-BCA8-4F6C-B66B-0C60940138C2}.Release|iPhone.ActiveCfg = Release|Any CPU
		{86A1A2E4-BCA8-4F6C-B66B-0C60940138C2}.Release|iPhone.Build.0 = Release|Any CPU
		{86A1A2E4-BCA8-4F6C-B66B-0C60940138C2}.Release|iPhoneSimulator.ActiveCfg = Release|Any CPU
		{86A1A2E4-BCA8-4F6C-B66B-0C60940138C2}.Release|iPhoneSimulator.Build.0 = Release|Any CPU
		{CAEA0836-B35A-44A0-B741-04DCB90C5926}.Debug|Any CPU.ActiveCfg = Debug|Any CPU
		{CAEA0836-B35A-44A0-B741-04DCB90C5926}.Debug|Any CPU.Build.0 = Debug|Any CPU
		{CAEA0836-B35A-44A0-B741-04DCB90C5926}.Debug|iPhone.ActiveCfg = Debug|Any CPU
		{CAEA0836-B35A-44A0-B741-04DCB90C5926}.Debug|iPhone.Build.0 = Debug|Any CPU
		{CAEA0836-B35A-44A0-B741-04DCB90C5926}.Debug|iPhoneSimulator.ActiveCfg = Debug|Any CPU
		{CAEA0836-B35A-44A0-B741-04DCB90C5926}.Debug|iPhoneSimulator.Build.0 = Debug|Any CPU
		{CAEA0836-B35A-44A0-B741-04DCB90C5926}.Release|Any CPU.ActiveCfg = Release|Any CPU
		{CAEA0836-B35A-44A0-B741-04DCB90C5926}.Release|Any CPU.Build.0 = Release|Any CPU
		{CAEA0836-B35A-44A0-B741-04DCB90C5926}.Release|iPhone.ActiveCfg = Release|Any CPU
		{CAEA0836-B35A-44A0-B741-04DCB90C5926}.Release|iPhone.Build.0 = Release|Any CPU
		{CAEA0836-B35A-44A0-B741-04DCB90C5926}.Release|iPhoneSimulator.ActiveCfg = Release|Any CPU
		{CAEA0836-B35A-44A0-B741-04DCB90C5926}.Release|iPhoneSimulator.Build.0 = Release|Any CPU
		{454143FE-45E8-48CE-AE04-71BFB0B413DB}.Debug|Any CPU.ActiveCfg = Debug|iPhoneSimulator
		{454143FE-45E8-48CE-AE04-71BFB0B413DB}.Debug|Any CPU.Build.0 = Debug|iPhoneSimulator
		{454143FE-45E8-48CE-AE04-71BFB0B413DB}.Debug|iPhone.ActiveCfg = Debug|iPhone
		{454143FE-45E8-48CE-AE04-71BFB0B413DB}.Debug|iPhone.Build.0 = Debug|iPhone
		{454143FE-45E8-48CE-AE04-71BFB0B413DB}.Debug|iPhoneSimulator.ActiveCfg = Debug|iPhoneSimulator
		{454143FE-45E8-48CE-AE04-71BFB0B413DB}.Debug|iPhoneSimulator.Build.0 = Debug|iPhoneSimulator
		{454143FE-45E8-48CE-AE04-71BFB0B413DB}.Release|Any CPU.ActiveCfg = Release|iPhone
		{454143FE-45E8-48CE-AE04-71BFB0B413DB}.Release|Any CPU.Build.0 = Release|iPhone
		{454143FE-45E8-48CE-AE04-71BFB0B413DB}.Release|iPhone.ActiveCfg = Release|iPhone
		{454143FE-45E8-48CE-AE04-71BFB0B413DB}.Release|iPhone.Build.0 = Release|iPhone
		{454143FE-45E8-48CE-AE04-71BFB0B413DB}.Release|iPhoneSimulator.ActiveCfg = Release|iPhoneSimulator
		{454143FE-45E8-48CE-AE04-71BFB0B413DB}.Release|iPhoneSimulator.Build.0 = Release|iPhoneSimulator
		{56422C9D-17D1-4E86-BDBD-9DB52903A96F}.Debug|Any CPU.ActiveCfg = Debug|Any CPU
		{56422C9D-17D1-4E86-BDBD-9DB52903A96F}.Debug|Any CPU.Build.0 = Debug|Any CPU
		{56422C9D-17D1-4E86-BDBD-9DB52903A96F}.Debug|iPhone.ActiveCfg = Debug|Any CPU
		{56422C9D-17D1-4E86-BDBD-9DB52903A96F}.Debug|iPhone.Build.0 = Debug|Any CPU
		{56422C9D-17D1-4E86-BDBD-9DB52903A96F}.Debug|iPhoneSimulator.ActiveCfg = Debug|Any CPU
		{56422C9D-17D1-4E86-BDBD-9DB52903A96F}.Debug|iPhoneSimulator.Build.0 = Debug|Any CPU
		{56422C9D-17D1-4E86-BDBD-9DB52903A96F}.Release|Any CPU.ActiveCfg = Release|Any CPU
		{56422C9D-17D1-4E86-BDBD-9DB52903A96F}.Release|Any CPU.Build.0 = Release|Any CPU
		{56422C9D-17D1-4E86-BDBD-9DB52903A96F}.Release|iPhone.ActiveCfg = Release|Any CPU
		{56422C9D-17D1-4E86-BDBD-9DB52903A96F}.Release|iPhone.Build.0 = Release|Any CPU
		{56422C9D-17D1-4E86-BDBD-9DB52903A96F}.Release|iPhoneSimulator.ActiveCfg = Release|Any CPU
		{56422C9D-17D1-4E86-BDBD-9DB52903A96F}.Release|iPhoneSimulator.Build.0 = Release|Any CPU
		{A01B6471-41BD-4CE2-876F-D954E44C9662}.Debug|Any CPU.ActiveCfg = Debug|Any CPU
		{A01B6471-41BD-4CE2-876F-D954E44C9662}.Debug|Any CPU.Build.0 = Debug|Any CPU
		{A01B6471-41BD-4CE2-876F-D954E44C9662}.Debug|iPhone.ActiveCfg = Debug|Any CPU
		{A01B6471-41BD-4CE2-876F-D954E44C9662}.Debug|iPhone.Build.0 = Debug|Any CPU
		{A01B6471-41BD-4CE2-876F-D954E44C9662}.Debug|iPhoneSimulator.ActiveCfg = Debug|Any CPU
		{A01B6471-41BD-4CE2-876F-D954E44C9662}.Debug|iPhoneSimulator.Build.0 = Debug|Any CPU
		{A01B6471-41BD-4CE2-876F-D954E44C9662}.Release|Any CPU.ActiveCfg = Release|Any CPU
		{A01B6471-41BD-4CE2-876F-D954E44C9662}.Release|Any CPU.Build.0 = Release|Any CPU
		{A01B6471-41BD-4CE2-876F-D954E44C9662}.Release|iPhone.ActiveCfg = Release|Any CPU
		{A01B6471-41BD-4CE2-876F-D954E44C9662}.Release|iPhone.Build.0 = Release|Any CPU
		{A01B6471-41BD-4CE2-876F-D954E44C9662}.Release|iPhoneSimulator.ActiveCfg = Release|Any CPU
		{A01B6471-41BD-4CE2-876F-D954E44C9662}.Release|iPhoneSimulator.Build.0 = Release|Any CPU
		{6901FB63-1697-4955-8096-7AAE88BA63BC}.Debug|Any CPU.ActiveCfg = Debug|Any CPU
		{6901FB63-1697-4955-8096-7AAE88BA63BC}.Debug|Any CPU.Build.0 = Debug|Any CPU
		{6901FB63-1697-4955-8096-7AAE88BA63BC}.Debug|iPhone.ActiveCfg = Debug|Any CPU
		{6901FB63-1697-4955-8096-7AAE88BA63BC}.Debug|iPhone.Build.0 = Debug|Any CPU
		{6901FB63-1697-4955-8096-7AAE88BA63BC}.Debug|iPhoneSimulator.ActiveCfg = Debug|Any CPU
		{6901FB63-1697-4955-8096-7AAE88BA63BC}.Debug|iPhoneSimulator.Build.0 = Debug|Any CPU
		{6901FB63-1697-4955-8096-7AAE88BA63BC}.Release|Any CPU.ActiveCfg = Release|Any CPU
		{6901FB63-1697-4955-8096-7AAE88BA63BC}.Release|Any CPU.Build.0 = Release|Any CPU
		{6901FB63-1697-4955-8096-7AAE88BA63BC}.Release|iPhone.ActiveCfg = Release|Any CPU
		{6901FB63-1697-4955-8096-7AAE88BA63BC}.Release|iPhone.Build.0 = Release|Any CPU
		{6901FB63-1697-4955-8096-7AAE88BA63BC}.Release|iPhoneSimulator.ActiveCfg = Release|Any CPU
		{6901FB63-1697-4955-8096-7AAE88BA63BC}.Release|iPhoneSimulator.Build.0 = Release|Any CPU
		{10AD1889-43C3-4038-9F56-4EF251D86C3F}.Debug|Any CPU.ActiveCfg = Debug|Any CPU
		{10AD1889-43C3-4038-9F56-4EF251D86C3F}.Debug|Any CPU.Build.0 = Debug|Any CPU
		{10AD1889-43C3-4038-9F56-4EF251D86C3F}.Debug|iPhone.ActiveCfg = Debug|Any CPU
		{10AD1889-43C3-4038-9F56-4EF251D86C3F}.Debug|iPhone.Build.0 = Debug|Any CPU
		{10AD1889-43C3-4038-9F56-4EF251D86C3F}.Debug|iPhoneSimulator.ActiveCfg = Debug|Any CPU
		{10AD1889-43C3-4038-9F56-4EF251D86C3F}.Debug|iPhoneSimulator.Build.0 = Debug|Any CPU
		{10AD1889-43C3-4038-9F56-4EF251D86C3F}.Release|Any CPU.ActiveCfg = Release|Any CPU
		{10AD1889-43C3-4038-9F56-4EF251D86C3F}.Release|Any CPU.Build.0 = Release|Any CPU
		{10AD1889-43C3-4038-9F56-4EF251D86C3F}.Release|iPhone.ActiveCfg = Release|Any CPU
		{10AD1889-43C3-4038-9F56-4EF251D86C3F}.Release|iPhone.Build.0 = Release|Any CPU
		{10AD1889-43C3-4038-9F56-4EF251D86C3F}.Release|iPhoneSimulator.ActiveCfg = Release|Any CPU
		{10AD1889-43C3-4038-9F56-4EF251D86C3F}.Release|iPhoneSimulator.Build.0 = Release|Any CPU
		{DCB5977E-3077-4F17-B8EE-D56E37069D86}.Debug|Any CPU.ActiveCfg = Debug|Any CPU
		{DCB5977E-3077-4F17-B8EE-D56E37069D86}.Debug|Any CPU.Build.0 = Debug|Any CPU
		{DCB5977E-3077-4F17-B8EE-D56E37069D86}.Debug|iPhone.ActiveCfg = Debug|Any CPU
		{DCB5977E-3077-4F17-B8EE-D56E37069D86}.Debug|iPhone.Build.0 = Debug|Any CPU
		{DCB5977E-3077-4F17-B8EE-D56E37069D86}.Debug|iPhoneSimulator.ActiveCfg = Debug|Any CPU
		{DCB5977E-3077-4F17-B8EE-D56E37069D86}.Debug|iPhoneSimulator.Build.0 = Debug|Any CPU
		{DCB5977E-3077-4F17-B8EE-D56E37069D86}.Release|Any CPU.ActiveCfg = Release|Any CPU
		{DCB5977E-3077-4F17-B8EE-D56E37069D86}.Release|Any CPU.Build.0 = Release|Any CPU
		{DCB5977E-3077-4F17-B8EE-D56E37069D86}.Release|iPhone.ActiveCfg = Release|Any CPU
		{DCB5977E-3077-4F17-B8EE-D56E37069D86}.Release|iPhone.Build.0 = Release|Any CPU
		{DCB5977E-3077-4F17-B8EE-D56E37069D86}.Release|iPhoneSimulator.ActiveCfg = Release|Any CPU
		{DCB5977E-3077-4F17-B8EE-D56E37069D86}.Release|iPhoneSimulator.Build.0 = Release|Any CPU
		{65518097-65A0-4D26-AE4C-4236E7F09DDD}.Debug|Any CPU.ActiveCfg = Debug|Any CPU
		{65518097-65A0-4D26-AE4C-4236E7F09DDD}.Debug|Any CPU.Build.0 = Debug|Any CPU
		{65518097-65A0-4D26-AE4C-4236E7F09DDD}.Debug|iPhone.ActiveCfg = Debug|Any CPU
		{65518097-65A0-4D26-AE4C-4236E7F09DDD}.Debug|iPhone.Build.0 = Debug|Any CPU
		{65518097-65A0-4D26-AE4C-4236E7F09DDD}.Debug|iPhoneSimulator.ActiveCfg = Debug|Any CPU
		{65518097-65A0-4D26-AE4C-4236E7F09DDD}.Debug|iPhoneSimulator.Build.0 = Debug|Any CPU
		{65518097-65A0-4D26-AE4C-4236E7F09DDD}.Release|Any CPU.ActiveCfg = Release|Any CPU
		{65518097-65A0-4D26-AE4C-4236E7F09DDD}.Release|Any CPU.Build.0 = Release|Any CPU
		{65518097-65A0-4D26-AE4C-4236E7F09DDD}.Release|iPhone.ActiveCfg = Release|Any CPU
		{65518097-65A0-4D26-AE4C-4236E7F09DDD}.Release|iPhone.Build.0 = Release|Any CPU
		{65518097-65A0-4D26-AE4C-4236E7F09DDD}.Release|iPhoneSimulator.ActiveCfg = Release|Any CPU
		{65518097-65A0-4D26-AE4C-4236E7F09DDD}.Release|iPhoneSimulator.Build.0 = Release|Any CPU
		{35A11B74-7424-4022-AC7D-BAB29F59CDED}.Debug|Any CPU.ActiveCfg = Debug|Any CPU
		{35A11B74-7424-4022-AC7D-BAB29F59CDED}.Debug|Any CPU.Build.0 = Debug|Any CPU
		{35A11B74-7424-4022-AC7D-BAB29F59CDED}.Debug|iPhone.ActiveCfg = Debug|Any CPU
		{35A11B74-7424-4022-AC7D-BAB29F59CDED}.Debug|iPhone.Build.0 = Debug|Any CPU
		{35A11B74-7424-4022-AC7D-BAB29F59CDED}.Debug|iPhoneSimulator.ActiveCfg = Debug|Any CPU
		{35A11B74-7424-4022-AC7D-BAB29F59CDED}.Debug|iPhoneSimulator.Build.0 = Debug|Any CPU
		{35A11B74-7424-4022-AC7D-BAB29F59CDED}.Release|Any CPU.ActiveCfg = Release|Any CPU
		{35A11B74-7424-4022-AC7D-BAB29F59CDED}.Release|Any CPU.Build.0 = Release|Any CPU
		{35A11B74-7424-4022-AC7D-BAB29F59CDED}.Release|iPhone.ActiveCfg = Release|Any CPU
		{35A11B74-7424-4022-AC7D-BAB29F59CDED}.Release|iPhone.Build.0 = Release|Any CPU
		{35A11B74-7424-4022-AC7D-BAB29F59CDED}.Release|iPhoneSimulator.ActiveCfg = Release|Any CPU
		{35A11B74-7424-4022-AC7D-BAB29F59CDED}.Release|iPhoneSimulator.Build.0 = Release|Any CPU
		{0D0C52B3-BA64-4207-8AEB-617A975A765D}.Debug|Any CPU.ActiveCfg = Debug|Any CPU
		{0D0C52B3-BA64-4207-8AEB-617A975A765D}.Debug|Any CPU.Build.0 = Debug|Any CPU
		{0D0C52B3-BA64-4207-8AEB-617A975A765D}.Debug|iPhone.ActiveCfg = Debug|Any CPU
		{0D0C52B3-BA64-4207-8AEB-617A975A765D}.Debug|iPhone.Build.0 = Debug|Any CPU
		{0D0C52B3-BA64-4207-8AEB-617A975A765D}.Debug|iPhoneSimulator.ActiveCfg = Debug|Any CPU
		{0D0C52B3-BA64-4207-8AEB-617A975A765D}.Debug|iPhoneSimulator.Build.0 = Debug|Any CPU
		{0D0C52B3-BA64-4207-8AEB-617A975A765D}.Release|Any CPU.ActiveCfg = Release|Any CPU
		{0D0C52B3-BA64-4207-8AEB-617A975A765D}.Release|Any CPU.Build.0 = Release|Any CPU
		{0D0C52B3-BA64-4207-8AEB-617A975A765D}.Release|iPhone.ActiveCfg = Release|Any CPU
		{0D0C52B3-BA64-4207-8AEB-617A975A765D}.Release|iPhone.Build.0 = Release|Any CPU
		{0D0C52B3-BA64-4207-8AEB-617A975A765D}.Release|iPhoneSimulator.ActiveCfg = Release|Any CPU
		{0D0C52B3-BA64-4207-8AEB-617A975A765D}.Release|iPhoneSimulator.Build.0 = Release|Any CPU
		{DFB9A6B0-9AED-4F19-BDAC-2CB1DE3C401E}.Debug|Any CPU.ActiveCfg = Debug|Any CPU
		{DFB9A6B0-9AED-4F19-BDAC-2CB1DE3C401E}.Debug|Any CPU.Build.0 = Debug|Any CPU
		{DFB9A6B0-9AED-4F19-BDAC-2CB1DE3C401E}.Debug|iPhone.ActiveCfg = Debug|Any CPU
		{DFB9A6B0-9AED-4F19-BDAC-2CB1DE3C401E}.Debug|iPhone.Build.0 = Debug|Any CPU
		{DFB9A6B0-9AED-4F19-BDAC-2CB1DE3C401E}.Debug|iPhoneSimulator.ActiveCfg = Debug|Any CPU
		{DFB9A6B0-9AED-4F19-BDAC-2CB1DE3C401E}.Debug|iPhoneSimulator.Build.0 = Debug|Any CPU
		{DFB9A6B0-9AED-4F19-BDAC-2CB1DE3C401E}.Release|Any CPU.ActiveCfg = Release|Any CPU
		{DFB9A6B0-9AED-4F19-BDAC-2CB1DE3C401E}.Release|Any CPU.Build.0 = Release|Any CPU
		{DFB9A6B0-9AED-4F19-BDAC-2CB1DE3C401E}.Release|iPhone.ActiveCfg = Release|Any CPU
		{DFB9A6B0-9AED-4F19-BDAC-2CB1DE3C401E}.Release|iPhone.Build.0 = Release|Any CPU
		{DFB9A6B0-9AED-4F19-BDAC-2CB1DE3C401E}.Release|iPhoneSimulator.ActiveCfg = Release|Any CPU
		{DFB9A6B0-9AED-4F19-BDAC-2CB1DE3C401E}.Release|iPhoneSimulator.Build.0 = Release|Any CPU
		{622EDBD0-87AF-450C-8730-F672E75AE571}.Debug|Any CPU.ActiveCfg = Debug|Any CPU
		{622EDBD0-87AF-450C-8730-F672E75AE571}.Debug|Any CPU.Build.0 = Debug|Any CPU
		{622EDBD0-87AF-450C-8730-F672E75AE571}.Debug|iPhone.ActiveCfg = Debug|Any CPU
		{622EDBD0-87AF-450C-8730-F672E75AE571}.Debug|iPhone.Build.0 = Debug|Any CPU
		{622EDBD0-87AF-450C-8730-F672E75AE571}.Debug|iPhoneSimulator.ActiveCfg = Debug|Any CPU
		{622EDBD0-87AF-450C-8730-F672E75AE571}.Debug|iPhoneSimulator.Build.0 = Debug|Any CPU
		{622EDBD0-87AF-450C-8730-F672E75AE571}.Release|Any CPU.ActiveCfg = Release|Any CPU
		{622EDBD0-87AF-450C-8730-F672E75AE571}.Release|Any CPU.Build.0 = Release|Any CPU
		{622EDBD0-87AF-450C-8730-F672E75AE571}.Release|iPhone.ActiveCfg = Release|Any CPU
		{622EDBD0-87AF-450C-8730-F672E75AE571}.Release|iPhone.Build.0 = Release|Any CPU
		{622EDBD0-87AF-450C-8730-F672E75AE571}.Release|iPhoneSimulator.ActiveCfg = Release|Any CPU
		{622EDBD0-87AF-450C-8730-F672E75AE571}.Release|iPhoneSimulator.Build.0 = Release|Any CPU
		{FAF54A1F-EBE4-405D-95AF-4E3BA9541625}.Debug|Any CPU.ActiveCfg = Debug|Any CPU
		{FAF54A1F-EBE4-405D-95AF-4E3BA9541625}.Debug|Any CPU.Build.0 = Debug|Any CPU
		{FAF54A1F-EBE4-405D-95AF-4E3BA9541625}.Debug|iPhone.ActiveCfg = Debug|Any CPU
		{FAF54A1F-EBE4-405D-95AF-4E3BA9541625}.Debug|iPhone.Build.0 = Debug|Any CPU
		{FAF54A1F-EBE4-405D-95AF-4E3BA9541625}.Debug|iPhoneSimulator.ActiveCfg = Debug|Any CPU
		{FAF54A1F-EBE4-405D-95AF-4E3BA9541625}.Debug|iPhoneSimulator.Build.0 = Debug|Any CPU
		{FAF54A1F-EBE4-405D-95AF-4E3BA9541625}.Release|Any CPU.ActiveCfg = Release|Any CPU
		{FAF54A1F-EBE4-405D-95AF-4E3BA9541625}.Release|Any CPU.Build.0 = Release|Any CPU
		{FAF54A1F-EBE4-405D-95AF-4E3BA9541625}.Release|iPhone.ActiveCfg = Release|Any CPU
		{FAF54A1F-EBE4-405D-95AF-4E3BA9541625}.Release|iPhone.Build.0 = Release|Any CPU
		{FAF54A1F-EBE4-405D-95AF-4E3BA9541625}.Release|iPhoneSimulator.ActiveCfg = Release|Any CPU
		{FAF54A1F-EBE4-405D-95AF-4E3BA9541625}.Release|iPhoneSimulator.Build.0 = Release|Any CPU
		{8906D416-8BFD-470E-AD33-FC6865C16DCD}.Debug|Any CPU.ActiveCfg = Debug|Any CPU
		{8906D416-8BFD-470E-AD33-FC6865C16DCD}.Debug|Any CPU.Build.0 = Debug|Any CPU
		{8906D416-8BFD-470E-AD33-FC6865C16DCD}.Debug|iPhone.ActiveCfg = Debug|Any CPU
		{8906D416-8BFD-470E-AD33-FC6865C16DCD}.Debug|iPhone.Build.0 = Debug|Any CPU
		{8906D416-8BFD-470E-AD33-FC6865C16DCD}.Debug|iPhoneSimulator.ActiveCfg = Debug|Any CPU
		{8906D416-8BFD-470E-AD33-FC6865C16DCD}.Debug|iPhoneSimulator.Build.0 = Debug|Any CPU
		{8906D416-8BFD-470E-AD33-FC6865C16DCD}.Release|Any CPU.ActiveCfg = Release|Any CPU
		{8906D416-8BFD-470E-AD33-FC6865C16DCD}.Release|Any CPU.Build.0 = Release|Any CPU
		{8906D416-8BFD-470E-AD33-FC6865C16DCD}.Release|iPhone.ActiveCfg = Release|Any CPU
		{8906D416-8BFD-470E-AD33-FC6865C16DCD}.Release|iPhone.Build.0 = Release|Any CPU
		{8906D416-8BFD-470E-AD33-FC6865C16DCD}.Release|iPhoneSimulator.ActiveCfg = Release|Any CPU
		{8906D416-8BFD-470E-AD33-FC6865C16DCD}.Release|iPhoneSimulator.Build.0 = Release|Any CPU
		{2B375FB4-3B39-401A-BE7E-5D783206A6D5}.Debug|Any CPU.ActiveCfg = Debug|Any CPU
		{2B375FB4-3B39-401A-BE7E-5D783206A6D5}.Debug|Any CPU.Build.0 = Debug|Any CPU
		{2B375FB4-3B39-401A-BE7E-5D783206A6D5}.Debug|iPhone.ActiveCfg = Debug|Any CPU
		{2B375FB4-3B39-401A-BE7E-5D783206A6D5}.Debug|iPhone.Build.0 = Debug|Any CPU
		{2B375FB4-3B39-401A-BE7E-5D783206A6D5}.Debug|iPhoneSimulator.ActiveCfg = Debug|Any CPU
		{2B375FB4-3B39-401A-BE7E-5D783206A6D5}.Debug|iPhoneSimulator.Build.0 = Debug|Any CPU
		{2B375FB4-3B39-401A-BE7E-5D783206A6D5}.Release|Any CPU.ActiveCfg = Release|Any CPU
		{2B375FB4-3B39-401A-BE7E-5D783206A6D5}.Release|Any CPU.Build.0 = Release|Any CPU
		{2B375FB4-3B39-401A-BE7E-5D783206A6D5}.Release|iPhone.ActiveCfg = Release|Any CPU
		{2B375FB4-3B39-401A-BE7E-5D783206A6D5}.Release|iPhone.Build.0 = Release|Any CPU
		{2B375FB4-3B39-401A-BE7E-5D783206A6D5}.Release|iPhoneSimulator.ActiveCfg = Release|Any CPU
		{2B375FB4-3B39-401A-BE7E-5D783206A6D5}.Release|iPhoneSimulator.Build.0 = Release|Any CPU
		{950496C1-F5F4-4D38-A019-860C3D5C5AA6}.Debug|Any CPU.ActiveCfg = Debug|Any CPU
		{950496C1-F5F4-4D38-A019-860C3D5C5AA6}.Debug|Any CPU.Build.0 = Debug|Any CPU
		{950496C1-F5F4-4D38-A019-860C3D5C5AA6}.Debug|iPhone.ActiveCfg = Debug|Any CPU
		{950496C1-F5F4-4D38-A019-860C3D5C5AA6}.Debug|iPhone.Build.0 = Debug|Any CPU
		{950496C1-F5F4-4D38-A019-860C3D5C5AA6}.Debug|iPhoneSimulator.ActiveCfg = Debug|Any CPU
		{950496C1-F5F4-4D38-A019-860C3D5C5AA6}.Debug|iPhoneSimulator.Build.0 = Debug|Any CPU
		{950496C1-F5F4-4D38-A019-860C3D5C5AA6}.Release|Any CPU.ActiveCfg = Release|Any CPU
		{950496C1-F5F4-4D38-A019-860C3D5C5AA6}.Release|Any CPU.Build.0 = Release|Any CPU
		{950496C1-F5F4-4D38-A019-860C3D5C5AA6}.Release|iPhone.ActiveCfg = Release|Any CPU
		{950496C1-F5F4-4D38-A019-860C3D5C5AA6}.Release|iPhone.Build.0 = Release|Any CPU
		{950496C1-F5F4-4D38-A019-860C3D5C5AA6}.Release|iPhoneSimulator.ActiveCfg = Release|Any CPU
		{950496C1-F5F4-4D38-A019-860C3D5C5AA6}.Release|iPhoneSimulator.Build.0 = Release|Any CPU
		{54AD8971-AEFC-49B4-BC5E-BA0A672174B8}.Debug|Any CPU.ActiveCfg = Debug|Any CPU
		{54AD8971-AEFC-49B4-BC5E-BA0A672174B8}.Debug|Any CPU.Build.0 = Debug|Any CPU
		{54AD8971-AEFC-49B4-BC5E-BA0A672174B8}.Debug|iPhone.ActiveCfg = Debug|Any CPU
		{54AD8971-AEFC-49B4-BC5E-BA0A672174B8}.Debug|iPhone.Build.0 = Debug|Any CPU
		{54AD8971-AEFC-49B4-BC5E-BA0A672174B8}.Debug|iPhoneSimulator.ActiveCfg = Debug|Any CPU
		{54AD8971-AEFC-49B4-BC5E-BA0A672174B8}.Debug|iPhoneSimulator.Build.0 = Debug|Any CPU
		{54AD8971-AEFC-49B4-BC5E-BA0A672174B8}.Release|Any CPU.ActiveCfg = Release|Any CPU
		{54AD8971-AEFC-49B4-BC5E-BA0A672174B8}.Release|Any CPU.Build.0 = Release|Any CPU
		{54AD8971-AEFC-49B4-BC5E-BA0A672174B8}.Release|iPhone.ActiveCfg = Release|Any CPU
		{54AD8971-AEFC-49B4-BC5E-BA0A672174B8}.Release|iPhone.Build.0 = Release|Any CPU
		{54AD8971-AEFC-49B4-BC5E-BA0A672174B8}.Release|iPhoneSimulator.ActiveCfg = Release|Any CPU
		{54AD8971-AEFC-49B4-BC5E-BA0A672174B8}.Release|iPhoneSimulator.Build.0 = Release|Any CPU
		{4CA1706E-4514-4006-877E-67EDF628015F}.Debug|Any CPU.ActiveCfg = Debug|Any CPU
		{4CA1706E-4514-4006-877E-67EDF628015F}.Debug|Any CPU.Build.0 = Debug|Any CPU
		{4CA1706E-4514-4006-877E-67EDF628015F}.Debug|iPhone.ActiveCfg = Debug|Any CPU
		{4CA1706E-4514-4006-877E-67EDF628015F}.Debug|iPhone.Build.0 = Debug|Any CPU
		{4CA1706E-4514-4006-877E-67EDF628015F}.Debug|iPhoneSimulator.ActiveCfg = Debug|Any CPU
		{4CA1706E-4514-4006-877E-67EDF628015F}.Debug|iPhoneSimulator.Build.0 = Debug|Any CPU
		{4CA1706E-4514-4006-877E-67EDF628015F}.Release|Any CPU.ActiveCfg = Release|Any CPU
		{4CA1706E-4514-4006-877E-67EDF628015F}.Release|Any CPU.Build.0 = Release|Any CPU
		{4CA1706E-4514-4006-877E-67EDF628015F}.Release|iPhone.ActiveCfg = Release|Any CPU
		{4CA1706E-4514-4006-877E-67EDF628015F}.Release|iPhone.Build.0 = Release|Any CPU
		{4CA1706E-4514-4006-877E-67EDF628015F}.Release|iPhoneSimulator.ActiveCfg = Release|Any CPU
		{4CA1706E-4514-4006-877E-67EDF628015F}.Release|iPhoneSimulator.Build.0 = Release|Any CPU
		{508D0C41-99BF-4CCC-AC76-ED86007E6DA6}.Debug|Any CPU.ActiveCfg = Debug|Any CPU
		{508D0C41-99BF-4CCC-AC76-ED86007E6DA6}.Debug|Any CPU.Build.0 = Debug|Any CPU
		{508D0C41-99BF-4CCC-AC76-ED86007E6DA6}.Debug|iPhone.ActiveCfg = Debug|Any CPU
		{508D0C41-99BF-4CCC-AC76-ED86007E6DA6}.Debug|iPhone.Build.0 = Debug|Any CPU
		{508D0C41-99BF-4CCC-AC76-ED86007E6DA6}.Debug|iPhoneSimulator.ActiveCfg = Debug|Any CPU
		{508D0C41-99BF-4CCC-AC76-ED86007E6DA6}.Debug|iPhoneSimulator.Build.0 = Debug|Any CPU
		{508D0C41-99BF-4CCC-AC76-ED86007E6DA6}.Release|Any CPU.ActiveCfg = Release|Any CPU
		{508D0C41-99BF-4CCC-AC76-ED86007E6DA6}.Release|Any CPU.Build.0 = Release|Any CPU
		{508D0C41-99BF-4CCC-AC76-ED86007E6DA6}.Release|iPhone.ActiveCfg = Release|Any CPU
		{508D0C41-99BF-4CCC-AC76-ED86007E6DA6}.Release|iPhone.Build.0 = Release|Any CPU
		{508D0C41-99BF-4CCC-AC76-ED86007E6DA6}.Release|iPhoneSimulator.ActiveCfg = Release|Any CPU
		{508D0C41-99BF-4CCC-AC76-ED86007E6DA6}.Release|iPhoneSimulator.Build.0 = Release|Any CPU
		{704D3C25-22FF-4958-94AF-A4B8F88FB984}.Debug|Any CPU.ActiveCfg = Debug|Any CPU
		{704D3C25-22FF-4958-94AF-A4B8F88FB984}.Debug|Any CPU.Build.0 = Debug|Any CPU
		{704D3C25-22FF-4958-94AF-A4B8F88FB984}.Debug|iPhone.ActiveCfg = Debug|Any CPU
		{704D3C25-22FF-4958-94AF-A4B8F88FB984}.Debug|iPhone.Build.0 = Debug|Any CPU
		{704D3C25-22FF-4958-94AF-A4B8F88FB984}.Debug|iPhoneSimulator.ActiveCfg = Debug|Any CPU
		{704D3C25-22FF-4958-94AF-A4B8F88FB984}.Debug|iPhoneSimulator.Build.0 = Debug|Any CPU
		{704D3C25-22FF-4958-94AF-A4B8F88FB984}.Release|Any CPU.ActiveCfg = Release|Any CPU
		{704D3C25-22FF-4958-94AF-A4B8F88FB984}.Release|Any CPU.Build.0 = Release|Any CPU
		{704D3C25-22FF-4958-94AF-A4B8F88FB984}.Release|iPhone.ActiveCfg = Release|Any CPU
		{704D3C25-22FF-4958-94AF-A4B8F88FB984}.Release|iPhone.Build.0 = Release|Any CPU
		{704D3C25-22FF-4958-94AF-A4B8F88FB984}.Release|iPhoneSimulator.ActiveCfg = Release|Any CPU
		{704D3C25-22FF-4958-94AF-A4B8F88FB984}.Release|iPhoneSimulator.Build.0 = Release|Any CPU
		{8B7D3C73-654B-4C60-8540-B6035C0F78E0}.Debug|Any CPU.ActiveCfg = Debug|Any CPU
		{8B7D3C73-654B-4C60-8540-B6035C0F78E0}.Debug|Any CPU.Build.0 = Debug|Any CPU
		{8B7D3C73-654B-4C60-8540-B6035C0F78E0}.Debug|iPhone.ActiveCfg = Debug|Any CPU
		{8B7D3C73-654B-4C60-8540-B6035C0F78E0}.Debug|iPhone.Build.0 = Debug|Any CPU
		{8B7D3C73-654B-4C60-8540-B6035C0F78E0}.Debug|iPhoneSimulator.ActiveCfg = Debug|Any CPU
		{8B7D3C73-654B-4C60-8540-B6035C0F78E0}.Debug|iPhoneSimulator.Build.0 = Debug|Any CPU
		{8B7D3C73-654B-4C60-8540-B6035C0F78E0}.Release|Any CPU.ActiveCfg = Release|Any CPU
		{8B7D3C73-654B-4C60-8540-B6035C0F78E0}.Release|Any CPU.Build.0 = Release|Any CPU
		{8B7D3C73-654B-4C60-8540-B6035C0F78E0}.Release|iPhone.ActiveCfg = Release|Any CPU
		{8B7D3C73-654B-4C60-8540-B6035C0F78E0}.Release|iPhone.Build.0 = Release|Any CPU
		{8B7D3C73-654B-4C60-8540-B6035C0F78E0}.Release|iPhoneSimulator.ActiveCfg = Release|Any CPU
		{8B7D3C73-654B-4C60-8540-B6035C0F78E0}.Release|iPhoneSimulator.Build.0 = Release|Any CPU
		{6AD8B68D-7223-4524-9C9A-1DFA8354AD40}.Debug|Any CPU.ActiveCfg = Debug|Any CPU
		{6AD8B68D-7223-4524-9C9A-1DFA8354AD40}.Debug|Any CPU.Build.0 = Debug|Any CPU
		{6AD8B68D-7223-4524-9C9A-1DFA8354AD40}.Debug|iPhone.ActiveCfg = Debug|Any CPU
		{6AD8B68D-7223-4524-9C9A-1DFA8354AD40}.Debug|iPhone.Build.0 = Debug|Any CPU
		{6AD8B68D-7223-4524-9C9A-1DFA8354AD40}.Debug|iPhoneSimulator.ActiveCfg = Debug|Any CPU
		{6AD8B68D-7223-4524-9C9A-1DFA8354AD40}.Debug|iPhoneSimulator.Build.0 = Debug|Any CPU
		{6AD8B68D-7223-4524-9C9A-1DFA8354AD40}.Release|Any CPU.ActiveCfg = Release|Any CPU
		{6AD8B68D-7223-4524-9C9A-1DFA8354AD40}.Release|Any CPU.Build.0 = Release|Any CPU
		{6AD8B68D-7223-4524-9C9A-1DFA8354AD40}.Release|iPhone.ActiveCfg = Release|Any CPU
		{6AD8B68D-7223-4524-9C9A-1DFA8354AD40}.Release|iPhone.Build.0 = Release|Any CPU
		{6AD8B68D-7223-4524-9C9A-1DFA8354AD40}.Release|iPhoneSimulator.ActiveCfg = Release|Any CPU
		{6AD8B68D-7223-4524-9C9A-1DFA8354AD40}.Release|iPhoneSimulator.Build.0 = Release|Any CPU
		{10745262-8AB2-4D3F-87CA-120801DF6619}.Debug|Any CPU.ActiveCfg = Debug|Any CPU
		{10745262-8AB2-4D3F-87CA-120801DF6619}.Debug|Any CPU.Build.0 = Debug|Any CPU
		{10745262-8AB2-4D3F-87CA-120801DF6619}.Debug|iPhone.ActiveCfg = Debug|Any CPU
		{10745262-8AB2-4D3F-87CA-120801DF6619}.Debug|iPhone.Build.0 = Debug|Any CPU
		{10745262-8AB2-4D3F-87CA-120801DF6619}.Debug|iPhoneSimulator.ActiveCfg = Debug|Any CPU
		{10745262-8AB2-4D3F-87CA-120801DF6619}.Debug|iPhoneSimulator.Build.0 = Debug|Any CPU
		{10745262-8AB2-4D3F-87CA-120801DF6619}.Release|Any CPU.ActiveCfg = Release|Any CPU
		{10745262-8AB2-4D3F-87CA-120801DF6619}.Release|Any CPU.Build.0 = Release|Any CPU
		{10745262-8AB2-4D3F-87CA-120801DF6619}.Release|iPhone.ActiveCfg = Release|Any CPU
		{10745262-8AB2-4D3F-87CA-120801DF6619}.Release|iPhone.Build.0 = Release|Any CPU
		{10745262-8AB2-4D3F-87CA-120801DF6619}.Release|iPhoneSimulator.ActiveCfg = Release|Any CPU
		{10745262-8AB2-4D3F-87CA-120801DF6619}.Release|iPhoneSimulator.Build.0 = Release|Any CPU
		{BD136812-B48C-44F4-B690-D45456D4F8CC}.Debug|Any CPU.ActiveCfg = Debug|Any CPU
		{BD136812-B48C-44F4-B690-D45456D4F8CC}.Debug|Any CPU.Build.0 = Debug|Any CPU
		{BD136812-B48C-44F4-B690-D45456D4F8CC}.Debug|iPhone.ActiveCfg = Debug|Any CPU
		{BD136812-B48C-44F4-B690-D45456D4F8CC}.Debug|iPhone.Build.0 = Debug|Any CPU
		{BD136812-B48C-44F4-B690-D45456D4F8CC}.Debug|iPhoneSimulator.ActiveCfg = Debug|Any CPU
		{BD136812-B48C-44F4-B690-D45456D4F8CC}.Debug|iPhoneSimulator.Build.0 = Debug|Any CPU
		{BD136812-B48C-44F4-B690-D45456D4F8CC}.Release|Any CPU.ActiveCfg = Release|Any CPU
		{BD136812-B48C-44F4-B690-D45456D4F8CC}.Release|Any CPU.Build.0 = Release|Any CPU
		{BD136812-B48C-44F4-B690-D45456D4F8CC}.Release|iPhone.ActiveCfg = Release|Any CPU
		{BD136812-B48C-44F4-B690-D45456D4F8CC}.Release|iPhone.Build.0 = Release|Any CPU
		{BD136812-B48C-44F4-B690-D45456D4F8CC}.Release|iPhoneSimulator.ActiveCfg = Release|Any CPU
		{BD136812-B48C-44F4-B690-D45456D4F8CC}.Release|iPhoneSimulator.Build.0 = Release|Any CPU
	EndGlobalSection
	GlobalSection(SolutionProperties) = preSolution
		HideSolutionNode = FALSE
	EndGlobalSection
	GlobalSection(NestedProjects) = preSolution
		{20720034-0C48-47D1-9B31-743088366300} = {C362EF23-0582-49A5-A658-3F12E0885F1C}
		{6144C0CB-53EB-4BFD-B30C-62566C1BE10A} = {C362EF23-0582-49A5-A658-3F12E0885F1C}
		{541CA104-B14D-45DA-A5AC-CE9D852D3F3E} = {56123580-99E9-45AC-8300-ABF8EE1D021E}
		{B7A2EA9F-9D42-440A-9A12-F3A64B179E01} = {56123580-99E9-45AC-8300-ABF8EE1D021E}
		{9D245D80-B18E-4D3F-BC96-94C1CB8A1228} = {56123580-99E9-45AC-8300-ABF8EE1D021E}
		{4CA4F6C3-EE77-4829-B0AA-A4D1BA076720} = {56123580-99E9-45AC-8300-ABF8EE1D021E}
		{DE08CDA6-AFAA-4724-A5F0-9D2B500F5A2D} = {56123580-99E9-45AC-8300-ABF8EE1D021E}
		{8238001D-6665-46B7-BB8C-8E2857AB1C87} = {56123580-99E9-45AC-8300-ABF8EE1D021E}
		{4F9C1C18-A9EC-45A0-9780-730D15E05316} = {56123580-99E9-45AC-8300-ABF8EE1D021E}
		{29FE79A0-6128-47C7-A804-C1D8D3B7EDC7} = {56123580-99E9-45AC-8300-ABF8EE1D021E}
		{86A1A2E4-BCA8-4F6C-B66B-0C60940138C2} = {56123580-99E9-45AC-8300-ABF8EE1D021E}
		{CAEA0836-B35A-44A0-B741-04DCB90C5926} = {56123580-99E9-45AC-8300-ABF8EE1D021E}
		{454143FE-45E8-48CE-AE04-71BFB0B413DB} = {C362EF23-0582-49A5-A658-3F12E0885F1C}
		{56422C9D-17D1-4E86-BDBD-9DB52903A96F} = {C362EF23-0582-49A5-A658-3F12E0885F1C}
		{A01B6471-41BD-4CE2-876F-D954E44C9662} = {C362EF23-0582-49A5-A658-3F12E0885F1C}
		{AAE5A232-F9C4-4717-A804-C84AD4E28AF4} = {56123580-99E9-45AC-8300-ABF8EE1D021E}
		{336F3096-F1D2-47D6-859D-5165B7D2F994} = {AAE5A232-F9C4-4717-A804-C84AD4E28AF4}
		{190E01DB-84A4-4473-87C2-C53F1FEB692D} = {AAE5A232-F9C4-4717-A804-C84AD4E28AF4}
		{CEA032CE-04F2-4EDE-92C6-BBA7659947E2} = {AAE5A232-F9C4-4717-A804-C84AD4E28AF4}
		{16EE453A-C98C-4C39-9834-FF7D44462086} = {AAE5A232-F9C4-4717-A804-C84AD4E28AF4}
		{6901FB63-1697-4955-8096-7AAE88BA63BC} = {16EE453A-C98C-4C39-9834-FF7D44462086}
		{10AD1889-43C3-4038-9F56-4EF251D86C3F} = {190E01DB-84A4-4473-87C2-C53F1FEB692D}
		{DCB5977E-3077-4F17-B8EE-D56E37069D86} = {190E01DB-84A4-4473-87C2-C53F1FEB692D}
		{65518097-65A0-4D26-AE4C-4236E7F09DDD} = {CEA032CE-04F2-4EDE-92C6-BBA7659947E2}
		{35A11B74-7424-4022-AC7D-BAB29F59CDED} = {336F3096-F1D2-47D6-859D-5165B7D2F994}
		{A2C027EA-6D38-4AE5-A8FC-4A8E0D6B30FD} = {AAE5A232-F9C4-4717-A804-C84AD4E28AF4}
		{0D0C52B3-BA64-4207-8AEB-617A975A765D} = {A2C027EA-6D38-4AE5-A8FC-4A8E0D6B30FD}
		{9D2A9260-1559-4A87-9C1E-62FEFBEA6B4B} = {AAE5A232-F9C4-4717-A804-C84AD4E28AF4}
		{DFB9A6B0-9AED-4F19-BDAC-2CB1DE3C401E} = {9D2A9260-1559-4A87-9C1E-62FEFBEA6B4B}
		{C0839C83-7725-420D-B39A-6B5E5FBF7162} = {9D2A9260-1559-4A87-9C1E-62FEFBEA6B4B}
		{139D0A00-E382-4C5A-971F-9CE2DAC75D04} = {AAE5A232-F9C4-4717-A804-C84AD4E28AF4}
		{622EDBD0-87AF-450C-8730-F672E75AE571} = {139D0A00-E382-4C5A-971F-9CE2DAC75D04}
		{FAF54A1F-EBE4-405D-95AF-4E3BA9541625} = {139D0A00-E382-4C5A-971F-9CE2DAC75D04}
		{8906D416-8BFD-470E-AD33-FC6865C16DCD} = {56123580-99E9-45AC-8300-ABF8EE1D021E}
		{2B375FB4-3B39-401A-BE7E-5D783206A6D5} = {56123580-99E9-45AC-8300-ABF8EE1D021E}
		{950496C1-F5F4-4D38-A019-860C3D5C5AA6} = {56123580-99E9-45AC-8300-ABF8EE1D021E}
		{619F32EF-FAF6-476A-8B3E-9E76F9C9036C} = {190E01DB-84A4-4473-87C2-C53F1FEB692D}
		{54AD8971-AEFC-49B4-BC5E-BA0A672174B8} = {619F32EF-FAF6-476A-8B3E-9E76F9C9036C}
		{4CA1706E-4514-4006-877E-67EDF628015F} = {56123580-99E9-45AC-8300-ABF8EE1D021E}
		{508D0C41-99BF-4CCC-AC76-ED86007E6DA6} = {80C70099-123A-4EEC-B2C0-426E7244B592}
		{704D3C25-22FF-4958-94AF-A4B8F88FB984} = {80C70099-123A-4EEC-B2C0-426E7244B592}
		{8B7D3C73-654B-4C60-8540-B6035C0F78E0} = {80C70099-123A-4EEC-B2C0-426E7244B592}
		{6AD8B68D-7223-4524-9C9A-1DFA8354AD40} = {80C70099-123A-4EEC-B2C0-426E7244B592}
		{10745262-8AB2-4D3F-87CA-120801DF6619} = {80C70099-123A-4EEC-B2C0-426E7244B592}
		{BD136812-B48C-44F4-B690-D45456D4F8CC} = {80C70099-123A-4EEC-B2C0-426E7244B592}
	EndGlobalSection
	GlobalSection(ExtensibilityGlobals) = postSolution
		SolutionGuid = {5F904396-1602-4536-AE11-A3F2F24B7CD3}
	EndGlobalSection
	GlobalSection(MonoDevelopProperties) = preSolution
		Policies = $0
		$0.DotNetNamingPolicy = $1
		$1.DirectoryNamespaceAssociation = PrefixedHierarchical
	EndGlobalSection
EndGlobal
