
Microsoft Visual Studio Solution File, Format Version 12.00
# Visual Studio Version 16
VisualStudioVersion = 16.0.30524.135
MinimumVisualStudioVersion = 10.0.40219.1
Project("{2150E333-8FDC-42A3-9474-1A3956D46DE8}") = "library-source", "library-source", "{56123580-99E9-45AC-8300-ABF8EE1D021E}"
EndProject
Project("{D954291E-2A0B-460D-934E-DC6B0785DB48}") = "Tests.CommonShared", "..\..\Tests.CommonShared\Tests.CommonShared.shproj", "{13AB4AD2-D077-48E0-B6F2-791BC25EB413}"
EndProject
Project("{D954291E-2A0B-460D-934E-DC6B0785DB48}") = "UnitTests.Common.Utils.Shared", "..\UnitTests.Common.Utils.Shared\UnitTests.Common.Utils.Shared.shproj", "{E390F6DA-9F4B-43A4-8ABF-F9434DF2C70D}"
EndProject
Project("{2150E333-8FDC-42A3-9474-1A3956D46DE8}") = "test-runner-projects", "test-runner-projects", "{C362EF23-0582-49A5-A658-3F12E0885F1C}"
EndProject
Project("{9A19103F-16F7-4668-BE54-9A1E7A4F7556}") = "UnitTests.MSTest", "netstandard10\UnitTests.MSTest\UnitTests.MSTest.csproj", "{ED0C66AC-EAE7-4CD0-BF81-DF5D8D3B2E58}"
EndProject
Project("{9A19103F-16F7-4668-BE54-9A1E7A4F7556}") = "UnitTests.XUnit", "netstandard10\UnitTests.XUnit\UnitTests.XUnit.csproj", "{20720034-0C48-47D1-9B31-743088366300}"
EndProject
Project("{FAE04EC0-301F-11D3-BF4B-00C04F79EFBC}") = "UnitTests.NUnit.XamarinAndroid", "netstandard10\UnitTests.NUnit.XamarinAndroid\UnitTests.NUnit.XamarinAndroid.csproj", "{6144C0CB-53EB-4BFD-B30C-62566C1BE10A}"
EndProject
Project("{FAE04EC0-301F-11D3-BF4B-00C04F79EFBC}") = "UnitTests.NUnit.XamarinIOS", "netstandard10\UnitTests.NUnit.XamarinIOS\UnitTests.NUnit.XamarinIOS.csproj", "{454143FE-45E8-48CE-AE04-71BFB0B413DB}"
EndProject
Project("{9A19103F-16F7-4668-BE54-9A1E7A4F7556}") = "UnitTests.NUnit", "netstandard10\UnitTests.NUnit\UnitTests.NUnit.csproj", "{DD4AC4FC-52B0-49F2-85DE-6E6C441F5207}"
EndProject
Project("{9A19103F-16F7-4668-BE54-9A1E7A4F7556}") = "HolisticWare.Xamarin.Tools.Bindings.XamarinAndroid.FassBinderMeister", "..\..\..\source\HolisticWare.Xamarin.Tools.Bindings.XamarinAndroid.FassBinderMeister\HolisticWare.Xamarin.Tools.Bindings.XamarinAndroid.FassBinderMeister.csproj", "{541CA104-B14D-45DA-A5AC-CE9D852D3F3E}"
EndProject
Project("{9A19103F-16F7-4668-BE54-9A1E7A4F7556}") = "HolisticWare.Xamarin.Tools.Bindings.XamarinAndroid.FassBinderMeister.Data", "..\..\..\source\HolisticWare.Xamarin.Tools.Bindings.XamarinAndroid.FassBinderMeister.Data\HolisticWare.Xamarin.Tools.Bindings.XamarinAndroid.FassBinderMeister.Data.csproj", "{B7A2EA9F-9D42-440A-9A12-F3A64B179E01}"
EndProject
Project("{9A19103F-16F7-4668-BE54-9A1E7A4F7556}") = "HolisticWare.Xamarin.Tools.NuGet", "..\..\..\source\HolisticWare.Xamarin.Tools.NuGet\HolisticWare.Xamarin.Tools.NuGet.csproj", "{4036F62E-0833-42F1-8976-BC1CB3DD37A5}"
EndProject
Project("{9A19103F-16F7-4668-BE54-9A1E7A4F7556}") = "HolisticWare.Xamarin.Tools.GitHub", "..\..\..\source\HolisticWare.Xamarin.Tools.GitHub\HolisticWare.Xamarin.Tools.GitHub.csproj", "{9D245D80-B18E-4D3F-BC96-94C1CB8A1228}"
EndProject
Project("{2150E333-8FDC-42A3-9474-1A3956D46DE8}") = "externals", "externals", "{4CA4F6C3-EE77-4829-B0AA-A4D1BA076720}"
EndProject
Project("{9A19103F-16F7-4668-BE54-9A1E7A4F7556}") = "HolisticWare.Core.netstandard10", "..\..\..\externals\Core\source\HolisticWare.Core.netstandard10\HolisticWare.Core.netstandard10.csproj", "{AAC41B7E-91C6-4CC2-B0DC-12C7B5A413A9}"
EndProject
Project("{FAE04EC0-301F-11D3-BF4B-00C04F79EFBC}") = "HolisticWare.Core", "..\..\..\externals\Core\source\HolisticWare.Core\HolisticWare.Core.csproj", "{4372BC45-9155-4D24-8669-C74A98E07C0E}"
EndProject
Project("{2150E333-8FDC-42A3-9474-1A3956D46DE8}") = "samples", "samples", "{80C70099-123A-4EEC-B2C0-426E7244B592}"
EndProject
Project("{9A19103F-16F7-4668-BE54-9A1E7A4F7556}") = "BindingConfigurator", "..\..\..\samples\BindingConfigurator\BindingConfigurator.csproj", "{9925D7B1-70E9-47F6-8F6C-24D335D7D110}"
EndProject
Project("{9A19103F-16F7-4668-BE54-9A1E7A4F7556}") = "HolisticWare.Xamarin.Tools.Maven", "..\..\..\source\HolisticWare.Xamarin.Tools.Maven\HolisticWare.Xamarin.Tools.Maven.csproj", "{A027ED7D-FDC8-4A52-908F-3640133CAA41}"
EndProject
Global
	GlobalSection(SharedMSBuildProjectFiles) = preSolution
		..\..\Tests.CommonShared\Tests.CommonShared.projitems*{13ab4ad2-d077-48e0-b6f2-791bc25eb413}*SharedItemsImports = 13
		..\..\Tests.CommonShared\Tests.CommonShared.projitems*{20720034-0c48-47d1-9b31-743088366300}*SharedItemsImports = 5
		..\UnitTests.Common.Utils.Shared\UnitTests.Common.Utils.Shared.projitems*{20720034-0c48-47d1-9b31-743088366300}*SharedItemsImports = 5
		..\..\Tests.CommonShared\Tests.CommonShared.projitems*{454143fe-45e8-48ce-ae04-71bfb0b413db}*SharedItemsImports = 4
		..\UnitTests.Common.Utils.Shared\UnitTests.Common.Utils.Shared.projitems*{454143fe-45e8-48ce-ae04-71bfb0b413db}*SharedItemsImports = 4
		..\..\Tests.CommonShared\Tests.CommonShared.projitems*{6144c0cb-53eb-4bfd-b30c-62566c1be10a}*SharedItemsImports = 4
		..\UnitTests.Common.Utils.Shared\UnitTests.Common.Utils.Shared.projitems*{6144c0cb-53eb-4bfd-b30c-62566c1be10a}*SharedItemsImports = 4
		..\..\..\externals\Core\source\HolisticWare.Core\HolisticWare.Core.projitems*{aac41b7e-91c6-4cc2-b0dc-12c7b5a413a9}*SharedItemsImports = 5
		..\..\Tests.CommonShared\Tests.CommonShared.projitems*{dd4ac4fc-52b0-49f2-85de-6e6c441f5207}*SharedItemsImports = 5
		..\UnitTests.Common.Utils.Shared\UnitTests.Common.Utils.Shared.projitems*{dd4ac4fc-52b0-49f2-85de-6e6c441f5207}*SharedItemsImports = 5
		..\UnitTests.Common.Utils.Shared\UnitTests.Common.Utils.Shared.projitems*{e390f6da-9f4b-43a4-8abf-f9434df2c70d}*SharedItemsImports = 13
		..\..\Tests.CommonShared\Tests.CommonShared.projitems*{ed0c66ac-eae7-4cd0-bf81-df5d8d3b2e58}*SharedItemsImports = 5
		..\UnitTests.Common.Utils.Shared\UnitTests.Common.Utils.Shared.projitems*{ed0c66ac-eae7-4cd0-bf81-df5d8d3b2e58}*SharedItemsImports = 5
	EndGlobalSection
	GlobalSection(SolutionConfigurationPlatforms) = preSolution
		Debug|Any CPU = Debug|Any CPU
		Debug|iPhone = Debug|iPhone
		Debug|iPhoneSimulator = Debug|iPhoneSimulator
		Release|Any CPU = Release|Any CPU
		Release|iPhone = Release|iPhone
		Release|iPhoneSimulator = Release|iPhoneSimulator
	EndGlobalSection
	GlobalSection(ProjectConfigurationPlatforms) = postSolution
		{ED0C66AC-EAE7-4CD0-BF81-DF5D8D3B2E58}.Debug|Any CPU.ActiveCfg = Debug|Any CPU
		{ED0C66AC-EAE7-4CD0-BF81-DF5D8D3B2E58}.Debug|Any CPU.Build.0 = Debug|Any CPU
		{ED0C66AC-EAE7-4CD0-BF81-DF5D8D3B2E58}.Debug|iPhone.ActiveCfg = Debug|Any CPU
		{ED0C66AC-EAE7-4CD0-BF81-DF5D8D3B2E58}.Debug|iPhone.Build.0 = Debug|Any CPU
		{ED0C66AC-EAE7-4CD0-BF81-DF5D8D3B2E58}.Debug|iPhoneSimulator.ActiveCfg = Debug|Any CPU
		{ED0C66AC-EAE7-4CD0-BF81-DF5D8D3B2E58}.Debug|iPhoneSimulator.Build.0 = Debug|Any CPU
		{ED0C66AC-EAE7-4CD0-BF81-DF5D8D3B2E58}.Release|Any CPU.ActiveCfg = Release|Any CPU
		{ED0C66AC-EAE7-4CD0-BF81-DF5D8D3B2E58}.Release|Any CPU.Build.0 = Release|Any CPU
		{ED0C66AC-EAE7-4CD0-BF81-DF5D8D3B2E58}.Release|iPhone.ActiveCfg = Release|Any CPU
		{ED0C66AC-EAE7-4CD0-BF81-DF5D8D3B2E58}.Release|iPhone.Build.0 = Release|Any CPU
		{ED0C66AC-EAE7-4CD0-BF81-DF5D8D3B2E58}.Release|iPhoneSimulator.ActiveCfg = Release|Any CPU
		{ED0C66AC-EAE7-4CD0-BF81-DF5D8D3B2E58}.Release|iPhoneSimulator.Build.0 = Release|Any CPU
		{20720034-0C48-47D1-9B31-743088366300}.Debug|Any CPU.ActiveCfg = Debug|Any CPU
		{20720034-0C48-47D1-9B31-743088366300}.Debug|Any CPU.Build.0 = Debug|Any CPU
		{20720034-0C48-47D1-9B31-743088366300}.Debug|iPhone.ActiveCfg = Debug|Any CPU
		{20720034-0C48-47D1-9B31-743088366300}.Debug|iPhone.Build.0 = Debug|Any CPU
		{20720034-0C48-47D1-9B31-743088366300}.Debug|iPhoneSimulator.ActiveCfg = Debug|Any CPU
		{20720034-0C48-47D1-9B31-743088366300}.Debug|iPhoneSimulator.Build.0 = Debug|Any CPU
		{20720034-0C48-47D1-9B31-743088366300}.Release|Any CPU.ActiveCfg = Release|Any CPU
		{20720034-0C48-47D1-9B31-743088366300}.Release|Any CPU.Build.0 = Release|Any CPU
		{20720034-0C48-47D1-9B31-743088366300}.Release|iPhone.ActiveCfg = Release|Any CPU
		{20720034-0C48-47D1-9B31-743088366300}.Release|iPhone.Build.0 = Release|Any CPU
		{20720034-0C48-47D1-9B31-743088366300}.Release|iPhoneSimulator.ActiveCfg = Release|Any CPU
		{20720034-0C48-47D1-9B31-743088366300}.Release|iPhoneSimulator.Build.0 = Release|Any CPU
		{6144C0CB-53EB-4BFD-B30C-62566C1BE10A}.Debug|Any CPU.ActiveCfg = Debug|Any CPU
		{6144C0CB-53EB-4BFD-B30C-62566C1BE10A}.Debug|Any CPU.Build.0 = Debug|Any CPU
		{6144C0CB-53EB-4BFD-B30C-62566C1BE10A}.Debug|iPhone.ActiveCfg = Debug|Any CPU
		{6144C0CB-53EB-4BFD-B30C-62566C1BE10A}.Debug|iPhone.Build.0 = Debug|Any CPU
		{6144C0CB-53EB-4BFD-B30C-62566C1BE10A}.Debug|iPhoneSimulator.ActiveCfg = Debug|Any CPU
		{6144C0CB-53EB-4BFD-B30C-62566C1BE10A}.Debug|iPhoneSimulator.Build.0 = Debug|Any CPU
		{6144C0CB-53EB-4BFD-B30C-62566C1BE10A}.Release|Any CPU.ActiveCfg = Release|Any CPU
		{6144C0CB-53EB-4BFD-B30C-62566C1BE10A}.Release|Any CPU.Build.0 = Release|Any CPU
		{6144C0CB-53EB-4BFD-B30C-62566C1BE10A}.Release|iPhone.ActiveCfg = Release|Any CPU
		{6144C0CB-53EB-4BFD-B30C-62566C1BE10A}.Release|iPhone.Build.0 = Release|Any CPU
		{6144C0CB-53EB-4BFD-B30C-62566C1BE10A}.Release|iPhoneSimulator.ActiveCfg = Release|Any CPU
		{6144C0CB-53EB-4BFD-B30C-62566C1BE10A}.Release|iPhoneSimulator.Build.0 = Release|Any CPU
		{454143FE-45E8-48CE-AE04-71BFB0B413DB}.Debug|Any CPU.ActiveCfg = Debug|iPhoneSimulator
		{454143FE-45E8-48CE-AE04-71BFB0B413DB}.Debug|Any CPU.Build.0 = Debug|iPhoneSimulator
		{454143FE-45E8-48CE-AE04-71BFB0B413DB}.Debug|iPhone.ActiveCfg = Debug|iPhone
		{454143FE-45E8-48CE-AE04-71BFB0B413DB}.Debug|iPhone.Build.0 = Debug|iPhone
		{454143FE-45E8-48CE-AE04-71BFB0B413DB}.Debug|iPhoneSimulator.ActiveCfg = Debug|iPhoneSimulator
		{454143FE-45E8-48CE-AE04-71BFB0B413DB}.Debug|iPhoneSimulator.Build.0 = Debug|iPhoneSimulator
		{454143FE-45E8-48CE-AE04-71BFB0B413DB}.Release|Any CPU.ActiveCfg = Release|iPhone
		{454143FE-45E8-48CE-AE04-71BFB0B413DB}.Release|Any CPU.Build.0 = Release|iPhone
		{454143FE-45E8-48CE-AE04-71BFB0B413DB}.Release|iPhone.ActiveCfg = Release|iPhone
		{454143FE-45E8-48CE-AE04-71BFB0B413DB}.Release|iPhone.Build.0 = Release|iPhone
		{454143FE-45E8-48CE-AE04-71BFB0B413DB}.Release|iPhoneSimulator.ActiveCfg = Release|iPhoneSimulator
		{454143FE-45E8-48CE-AE04-71BFB0B413DB}.Release|iPhoneSimulator.Build.0 = Release|iPhoneSimulator
		{DD4AC4FC-52B0-49F2-85DE-6E6C441F5207}.Debug|Any CPU.ActiveCfg = Debug|Any CPU
		{DD4AC4FC-52B0-49F2-85DE-6E6C441F5207}.Debug|Any CPU.Build.0 = Debug|Any CPU
		{DD4AC4FC-52B0-49F2-85DE-6E6C441F5207}.Debug|iPhone.ActiveCfg = Debug|Any CPU
		{DD4AC4FC-52B0-49F2-85DE-6E6C441F5207}.Debug|iPhone.Build.0 = Debug|Any CPU
		{DD4AC4FC-52B0-49F2-85DE-6E6C441F5207}.Debug|iPhoneSimulator.ActiveCfg = Debug|Any CPU
		{DD4AC4FC-52B0-49F2-85DE-6E6C441F5207}.Debug|iPhoneSimulator.Build.0 = Debug|Any CPU
		{DD4AC4FC-52B0-49F2-85DE-6E6C441F5207}.Release|Any CPU.ActiveCfg = Release|Any CPU
		{DD4AC4FC-52B0-49F2-85DE-6E6C441F5207}.Release|Any CPU.Build.0 = Release|Any CPU
		{DD4AC4FC-52B0-49F2-85DE-6E6C441F5207}.Release|iPhone.ActiveCfg = Release|Any CPU
		{DD4AC4FC-52B0-49F2-85DE-6E6C441F5207}.Release|iPhone.Build.0 = Release|Any CPU
		{DD4AC4FC-52B0-49F2-85DE-6E6C441F5207}.Release|iPhoneSimulator.ActiveCfg = Release|Any CPU
		{DD4AC4FC-52B0-49F2-85DE-6E6C441F5207}.Release|iPhoneSimulator.Build.0 = Release|Any CPU
		{541CA104-B14D-45DA-A5AC-CE9D852D3F3E}.Debug|Any CPU.ActiveCfg = Debug|Any CPU
		{541CA104-B14D-45DA-A5AC-CE9D852D3F3E}.Debug|Any CPU.Build.0 = Debug|Any CPU
		{541CA104-B14D-45DA-A5AC-CE9D852D3F3E}.Debug|iPhone.ActiveCfg = Debug|Any CPU
		{541CA104-B14D-45DA-A5AC-CE9D852D3F3E}.Debug|iPhone.Build.0 = Debug|Any CPU
		{541CA104-B14D-45DA-A5AC-CE9D852D3F3E}.Debug|iPhoneSimulator.ActiveCfg = Debug|Any CPU
		{541CA104-B14D-45DA-A5AC-CE9D852D3F3E}.Debug|iPhoneSimulator.Build.0 = Debug|Any CPU
		{541CA104-B14D-45DA-A5AC-CE9D852D3F3E}.Release|Any CPU.ActiveCfg = Release|Any CPU
		{541CA104-B14D-45DA-A5AC-CE9D852D3F3E}.Release|Any CPU.Build.0 = Release|Any CPU
		{541CA104-B14D-45DA-A5AC-CE9D852D3F3E}.Release|iPhone.ActiveCfg = Release|Any CPU
		{541CA104-B14D-45DA-A5AC-CE9D852D3F3E}.Release|iPhone.Build.0 = Release|Any CPU
		{541CA104-B14D-45DA-A5AC-CE9D852D3F3E}.Release|iPhoneSimulator.ActiveCfg = Release|Any CPU
		{541CA104-B14D-45DA-A5AC-CE9D852D3F3E}.Release|iPhoneSimulator.Build.0 = Release|Any CPU
		{B7A2EA9F-9D42-440A-9A12-F3A64B179E01}.Debug|Any CPU.ActiveCfg = Debug|Any CPU
		{B7A2EA9F-9D42-440A-9A12-F3A64B179E01}.Debug|Any CPU.Build.0 = Debug|Any CPU
		{B7A2EA9F-9D42-440A-9A12-F3A64B179E01}.Debug|iPhone.ActiveCfg = Debug|Any CPU
		{B7A2EA9F-9D42-440A-9A12-F3A64B179E01}.Debug|iPhone.Build.0 = Debug|Any CPU
		{B7A2EA9F-9D42-440A-9A12-F3A64B179E01}.Debug|iPhoneSimulator.ActiveCfg = Debug|Any CPU
		{B7A2EA9F-9D42-440A-9A12-F3A64B179E01}.Debug|iPhoneSimulator.Build.0 = Debug|Any CPU
		{B7A2EA9F-9D42-440A-9A12-F3A64B179E01}.Release|Any CPU.ActiveCfg = Release|Any CPU
		{B7A2EA9F-9D42-440A-9A12-F3A64B179E01}.Release|Any CPU.Build.0 = Release|Any CPU
		{B7A2EA9F-9D42-440A-9A12-F3A64B179E01}.Release|iPhone.ActiveCfg = Release|Any CPU
		{B7A2EA9F-9D42-440A-9A12-F3A64B179E01}.Release|iPhone.Build.0 = Release|Any CPU
		{B7A2EA9F-9D42-440A-9A12-F3A64B179E01}.Release|iPhoneSimulator.ActiveCfg = Release|Any CPU
		{B7A2EA9F-9D42-440A-9A12-F3A64B179E01}.Release|iPhoneSimulator.Build.0 = Release|Any CPU
		{4036F62E-0833-42F1-8976-BC1CB3DD37A5}.Debug|Any CPU.ActiveCfg = Debug|Any CPU
		{4036F62E-0833-42F1-8976-BC1CB3DD37A5}.Debug|Any CPU.Build.0 = Debug|Any CPU
		{4036F62E-0833-42F1-8976-BC1CB3DD37A5}.Debug|iPhone.ActiveCfg = Debug|Any CPU
		{4036F62E-0833-42F1-8976-BC1CB3DD37A5}.Debug|iPhone.Build.0 = Debug|Any CPU
		{4036F62E-0833-42F1-8976-BC1CB3DD37A5}.Debug|iPhoneSimulator.ActiveCfg = Debug|Any CPU
		{4036F62E-0833-42F1-8976-BC1CB3DD37A5}.Debug|iPhoneSimulator.Build.0 = Debug|Any CPU
		{4036F62E-0833-42F1-8976-BC1CB3DD37A5}.Release|Any CPU.ActiveCfg = Release|Any CPU
		{4036F62E-0833-42F1-8976-BC1CB3DD37A5}.Release|Any CPU.Build.0 = Release|Any CPU
		{4036F62E-0833-42F1-8976-BC1CB3DD37A5}.Release|iPhone.ActiveCfg = Release|Any CPU
		{4036F62E-0833-42F1-8976-BC1CB3DD37A5}.Release|iPhone.Build.0 = Release|Any CPU
		{4036F62E-0833-42F1-8976-BC1CB3DD37A5}.Release|iPhoneSimulator.ActiveCfg = Release|Any CPU
		{4036F62E-0833-42F1-8976-BC1CB3DD37A5}.Release|iPhoneSimulator.Build.0 = Release|Any CPU
		{9D245D80-B18E-4D3F-BC96-94C1CB8A1228}.Debug|Any CPU.ActiveCfg = Debug|Any CPU
		{9D245D80-B18E-4D3F-BC96-94C1CB8A1228}.Debug|Any CPU.Build.0 = Debug|Any CPU
		{9D245D80-B18E-4D3F-BC96-94C1CB8A1228}.Debug|iPhone.ActiveCfg = Debug|Any CPU
		{9D245D80-B18E-4D3F-BC96-94C1CB8A1228}.Debug|iPhone.Build.0 = Debug|Any CPU
		{9D245D80-B18E-4D3F-BC96-94C1CB8A1228}.Debug|iPhoneSimulator.ActiveCfg = Debug|Any CPU
		{9D245D80-B18E-4D3F-BC96-94C1CB8A1228}.Debug|iPhoneSimulator.Build.0 = Debug|Any CPU
		{9D245D80-B18E-4D3F-BC96-94C1CB8A1228}.Release|Any CPU.ActiveCfg = Release|Any CPU
		{9D245D80-B18E-4D3F-BC96-94C1CB8A1228}.Release|Any CPU.Build.0 = Release|Any CPU
		{9D245D80-B18E-4D3F-BC96-94C1CB8A1228}.Release|iPhone.ActiveCfg = Release|Any CPU
		{9D245D80-B18E-4D3F-BC96-94C1CB8A1228}.Release|iPhone.Build.0 = Release|Any CPU
		{9D245D80-B18E-4D3F-BC96-94C1CB8A1228}.Release|iPhoneSimulator.ActiveCfg = Release|Any CPU
		{9D245D80-B18E-4D3F-BC96-94C1CB8A1228}.Release|iPhoneSimulator.Build.0 = Release|Any CPU
		{AAC41B7E-91C6-4CC2-B0DC-12C7B5A413A9}.Debug|Any CPU.ActiveCfg = Debug|Any CPU
		{AAC41B7E-91C6-4CC2-B0DC-12C7B5A413A9}.Debug|Any CPU.Build.0 = Debug|Any CPU
		{AAC41B7E-91C6-4CC2-B0DC-12C7B5A413A9}.Debug|iPhone.ActiveCfg = Debug|Any CPU
		{AAC41B7E-91C6-4CC2-B0DC-12C7B5A413A9}.Debug|iPhone.Build.0 = Debug|Any CPU
		{AAC41B7E-91C6-4CC2-B0DC-12C7B5A413A9}.Debug|iPhoneSimulator.ActiveCfg = Debug|Any CPU
		{AAC41B7E-91C6-4CC2-B0DC-12C7B5A413A9}.Debug|iPhoneSimulator.Build.0 = Debug|Any CPU
		{AAC41B7E-91C6-4CC2-B0DC-12C7B5A413A9}.Release|Any CPU.ActiveCfg = Release|Any CPU
		{AAC41B7E-91C6-4CC2-B0DC-12C7B5A413A9}.Release|Any CPU.Build.0 = Release|Any CPU
		{AAC41B7E-91C6-4CC2-B0DC-12C7B5A413A9}.Release|iPhone.ActiveCfg = Release|Any CPU
		{AAC41B7E-91C6-4CC2-B0DC-12C7B5A413A9}.Release|iPhone.Build.0 = Release|Any CPU
		{AAC41B7E-91C6-4CC2-B0DC-12C7B5A413A9}.Release|iPhoneSimulator.ActiveCfg = Release|Any CPU
		{AAC41B7E-91C6-4CC2-B0DC-12C7B5A413A9}.Release|iPhoneSimulator.Build.0 = Release|Any CPU
		{4372BC45-9155-4D24-8669-C74A98E07C0E}.Debug|Any CPU.ActiveCfg = Debug|Any CPU
		{4372BC45-9155-4D24-8669-C74A98E07C0E}.Debug|Any CPU.Build.0 = Debug|Any CPU
		{4372BC45-9155-4D24-8669-C74A98E07C0E}.Debug|iPhone.ActiveCfg = Debug|Any CPU
		{4372BC45-9155-4D24-8669-C74A98E07C0E}.Debug|iPhone.Build.0 = Debug|Any CPU
		{4372BC45-9155-4D24-8669-C74A98E07C0E}.Debug|iPhoneSimulator.ActiveCfg = Debug|Any CPU
		{4372BC45-9155-4D24-8669-C74A98E07C0E}.Debug|iPhoneSimulator.Build.0 = Debug|Any CPU
		{4372BC45-9155-4D24-8669-C74A98E07C0E}.Release|Any CPU.ActiveCfg = Release|Any CPU
		{4372BC45-9155-4D24-8669-C74A98E07C0E}.Release|Any CPU.Build.0 = Release|Any CPU
		{4372BC45-9155-4D24-8669-C74A98E07C0E}.Release|iPhone.ActiveCfg = Release|Any CPU
		{4372BC45-9155-4D24-8669-C74A98E07C0E}.Release|iPhone.Build.0 = Release|Any CPU
		{4372BC45-9155-4D24-8669-C74A98E07C0E}.Release|iPhoneSimulator.ActiveCfg = Release|Any CPU
		{4372BC45-9155-4D24-8669-C74A98E07C0E}.Release|iPhoneSimulator.Build.0 = Release|Any CPU
		{9925D7B1-70E9-47F6-8F6C-24D335D7D110}.Debug|Any CPU.ActiveCfg = Debug|Any CPU
		{9925D7B1-70E9-47F6-8F6C-24D335D7D110}.Debug|Any CPU.Build.0 = Debug|Any CPU
		{9925D7B1-70E9-47F6-8F6C-24D335D7D110}.Debug|iPhone.ActiveCfg = Debug|Any CPU
		{9925D7B1-70E9-47F6-8F6C-24D335D7D110}.Debug|iPhone.Build.0 = Debug|Any CPU
		{9925D7B1-70E9-47F6-8F6C-24D335D7D110}.Debug|iPhoneSimulator.ActiveCfg = Debug|Any CPU
		{9925D7B1-70E9-47F6-8F6C-24D335D7D110}.Debug|iPhoneSimulator.Build.0 = Debug|Any CPU
		{9925D7B1-70E9-47F6-8F6C-24D335D7D110}.Release|Any CPU.ActiveCfg = Release|Any CPU
		{9925D7B1-70E9-47F6-8F6C-24D335D7D110}.Release|Any CPU.Build.0 = Release|Any CPU
		{9925D7B1-70E9-47F6-8F6C-24D335D7D110}.Release|iPhone.ActiveCfg = Release|Any CPU
		{9925D7B1-70E9-47F6-8F6C-24D335D7D110}.Release|iPhone.Build.0 = Release|Any CPU
		{9925D7B1-70E9-47F6-8F6C-24D335D7D110}.Release|iPhoneSimulator.ActiveCfg = Release|Any CPU
		{9925D7B1-70E9-47F6-8F6C-24D335D7D110}.Release|iPhoneSimulator.Build.0 = Release|Any CPU
		{A027ED7D-FDC8-4A52-908F-3640133CAA41}.Debug|Any CPU.ActiveCfg = Debug|Any CPU
		{A027ED7D-FDC8-4A52-908F-3640133CAA41}.Debug|Any CPU.Build.0 = Debug|Any CPU
		{A027ED7D-FDC8-4A52-908F-3640133CAA41}.Debug|iPhone.ActiveCfg = Debug|Any CPU
		{A027ED7D-FDC8-4A52-908F-3640133CAA41}.Debug|iPhone.Build.0 = Debug|Any CPU
		{A027ED7D-FDC8-4A52-908F-3640133CAA41}.Debug|iPhoneSimulator.ActiveCfg = Debug|Any CPU
		{A027ED7D-FDC8-4A52-908F-3640133CAA41}.Debug|iPhoneSimulator.Build.0 = Debug|Any CPU
		{A027ED7D-FDC8-4A52-908F-3640133CAA41}.Release|Any CPU.ActiveCfg = Release|Any CPU
		{A027ED7D-FDC8-4A52-908F-3640133CAA41}.Release|Any CPU.Build.0 = Release|Any CPU
		{A027ED7D-FDC8-4A52-908F-3640133CAA41}.Release|iPhone.ActiveCfg = Release|Any CPU
		{A027ED7D-FDC8-4A52-908F-3640133CAA41}.Release|iPhone.Build.0 = Release|Any CPU
		{A027ED7D-FDC8-4A52-908F-3640133CAA41}.Release|iPhoneSimulator.ActiveCfg = Release|Any CPU
		{A027ED7D-FDC8-4A52-908F-3640133CAA41}.Release|iPhoneSimulator.Build.0 = Release|Any CPU
	EndGlobalSection
	GlobalSection(SolutionProperties) = preSolution
		HideSolutionNode = FALSE
	EndGlobalSection
	GlobalSection(NestedProjects) = preSolution
		{ED0C66AC-EAE7-4CD0-BF81-DF5D8D3B2E58} = {C362EF23-0582-49A5-A658-3F12E0885F1C}
		{20720034-0C48-47D1-9B31-743088366300} = {C362EF23-0582-49A5-A658-3F12E0885F1C}
		{6144C0CB-53EB-4BFD-B30C-62566C1BE10A} = {C362EF23-0582-49A5-A658-3F12E0885F1C}
		{454143FE-45E8-48CE-AE04-71BFB0B413DB} = {C362EF23-0582-49A5-A658-3F12E0885F1C}
		{DD4AC4FC-52B0-49F2-85DE-6E6C441F5207} = {C362EF23-0582-49A5-A658-3F12E0885F1C}
		{541CA104-B14D-45DA-A5AC-CE9D852D3F3E} = {56123580-99E9-45AC-8300-ABF8EE1D021E}
		{B7A2EA9F-9D42-440A-9A12-F3A64B179E01} = {56123580-99E9-45AC-8300-ABF8EE1D021E}
		{4036F62E-0833-42F1-8976-BC1CB3DD37A5} = {56123580-99E9-45AC-8300-ABF8EE1D021E}
		{9D245D80-B18E-4D3F-BC96-94C1CB8A1228} = {56123580-99E9-45AC-8300-ABF8EE1D021E}
		{4CA4F6C3-EE77-4829-B0AA-A4D1BA076720} = {56123580-99E9-45AC-8300-ABF8EE1D021E}
		{AAC41B7E-91C6-4CC2-B0DC-12C7B5A413A9} = {4CA4F6C3-EE77-4829-B0AA-A4D1BA076720}
		{4372BC45-9155-4D24-8669-C74A98E07C0E} = {4CA4F6C3-EE77-4829-B0AA-A4D1BA076720}
		{9925D7B1-70E9-47F6-8F6C-24D335D7D110} = {80C70099-123A-4EEC-B2C0-426E7244B592}
		{A027ED7D-FDC8-4A52-908F-3640133CAA41} = {56123580-99E9-45AC-8300-ABF8EE1D021E}
	EndGlobalSection
	GlobalSection(ExtensibilityGlobals) = postSolution
		SolutionGuid = {5F904396-1602-4536-AE11-A3F2F24B7CD3}
	EndGlobalSection
EndGlobal
