Microsoft Visual Studio Solution File, Format Version 12.00
# Visual Studio Version 16
VisualStudioVersion = 16.0.30524.135
MinimumVisualStudioVersion = 10.0.40219.1
Project("{FAE04EC0-301F-11D3-BF4B-00C04F79EFBC}") = "HolisticWare.Xamarin.Tools.NuGet.dotnet-tool", "HolisticWare.Xamarin.Tools.NuGet.dotnet-tool\HolisticWare.Xamarin.Tools.NuGet.dotnet-tool.csproj", "{6863794C-4511-48C1-9D41-8833110AE825}"
EndProject
Project("{FAE04EC0-301F-11D3-BF4B-00C04F79EFBC}") = "HolisticWare.Xamarin.Tools.GitHub.dotnet-tool", "HolisticWare.Xamarin.Tools.GitHub.dotnet-tool\HolisticWare.Xamarin.Tools.GitHub.dotnet-tool.csproj", "{93E8C35A-D535-4935-A15B-3781F677ED3E}"
EndProject
Project("{FAE04EC0-301F-11D3-BF4B-00C04F79EFBC}") = "HolisticWare.Xamarin.Tools.Maven.dotnet-tool", "HolisticWare.Xamarin.Tools.Maven.dotnet-tool\HolisticWare.Xamarin.Tools.Maven.dotnet-tool.csproj", "{CEA0413D-9F73-4908-ADCF-E2BF75E8DC02}"
EndProject
Project("{FAE04EC0-301F-11D3-BF4B-00C04F79EFBC}") = "HolisticWare.Xamarin.Tools.FassBinderMeister.dotnet-tool", "HolisticWare.Xamarin.Tools.FassBinderMeister.dotnet-tool\HolisticWare.Xamarin.Tools.FassBinderMeister.dotnet-tool.csproj", "{E4FCEEE4-FE4C-4AFA-9DD5-DEA5B4A1D623}"
EndProject
Global
	GlobalSection(SolutionConfigurationPlatforms) = preSolution
		Debug|Any CPU = Debug|Any CPU
		Release|Any CPU = Release|Any CPU
	EndGlobalSection
	GlobalSection(ProjectConfigurationPlatforms) = postSolution
		{6863794C-4511-48C1-9D41-8833110AE825}.Debug|Any CPU.ActiveCfg = Debug|Any CPU
		{6863794C-4511-48C1-9D41-8833110AE825}.Debug|Any CPU.Build.0 = Debug|Any CPU
		{6863794C-4511-48C1-9D41-8833110AE825}.Release|Any CPU.ActiveCfg = Release|Any CPU
		{6863794C-4511-48C1-9D41-8833110AE825}.Release|Any CPU.Build.0 = Release|Any CPU
		{93E8C35A-D535-4935-A15B-3781F677ED3E}.Debug|Any CPU.ActiveCfg = Debug|Any CPU
		{93E8C35A-D535-4935-A15B-3781F677ED3E}.Debug|Any CPU.Build.0 = Debug|Any CPU
		{93E8C35A-D535-4935-A15B-3781F677ED3E}.Release|Any CPU.ActiveCfg = Release|Any CPU
		{93E8C35A-D535-4935-A15B-3781F677ED3E}.Release|Any CPU.Build.0 = Release|Any CPU
		{CEA0413D-9F73-4908-ADCF-E2BF75E8DC02}.Debug|Any CPU.ActiveCfg = Debug|Any CPU
		{CEA0413D-9F73-4908-ADCF-E2BF75E8DC02}.Debug|Any CPU.Build.0 = Debug|Any CPU
		{CEA0413D-9F73-4908-ADCF-E2BF75E8DC02}.Release|Any CPU.ActiveCfg = Release|Any CPU
		{CEA0413D-9F73-4908-ADCF-E2BF75E8DC02}.Release|Any CPU.Build.0 = Release|Any CPU
		{E4FCEEE4-FE4C-4AFA-9DD5-DEA5B4A1D623}.Debug|Any CPU.ActiveCfg = Debug|Any CPU
		{E4FCEEE4-FE4C-4AFA-9DD5-DEA5B4A1D623}.Debug|Any CPU.Build.0 = Debug|Any CPU
		{E4FCEEE4-FE4C-4AFA-9DD5-DEA5B4A1D623}.Release|Any CPU.ActiveCfg = Release|Any CPU
		{E4FCEEE4-FE4C-4AFA-9DD5-DEA5B4A1D623}.Release|Any CPU.Build.0 = Release|Any CPU
	EndGlobalSection
EndGlobal
