
Microsoft Visual Studio Solution File, Format Version 12.00
# Visual Studio Version 16
VisualStudioVersion = 16.0.30524.135
MinimumVisualStudioVersion = 10.0.40219.1
Project("{9A19103F-16F7-4668-BE54-9A1E7A4F7556}") = "HolisticWare.Xamarin.Tools.Bindings.XamarinAndroid.FassBinderMeister", "HolisticWare.Xamarin.Tools.Bindings.XamarinAndroid.FassBinderMeister\HolisticWare.Xamarin.Tools.Bindings.XamarinAndroid.FassBinderMeister.csproj", "{541CA104-B14D-45DA-A5AC-CE9D852D3F3E}"
EndProject
Project("{9A19103F-16F7-4668-BE54-9A1E7A4F7556}") = "HolisticWare.Xamarin.Tools.Bindings.XamarinAndroid.FassBinderMeister.Data", "HolisticWare.Xamarin.Tools.Bindings.XamarinAndroid.FassBinderMeister.Data\HolisticWare.Xamarin.Tools.Bindings.XamarinAndroid.FassBinderMeister.Data.csproj", "{B7A2EA9F-9D42-440A-9A12-F3A64B179E01}"
EndProject
Project("{9A19103F-16F7-4668-BE54-9A1E7A4F7556}") = "HolisticWare.Xamarin.Tools.NuGet", "HolisticWare.Xamarin.Tools.NuGet\HolisticWare.Xamarin.Tools.NuGet.csproj", "{4036F62E-0833-42F1-8976-BC1CB3DD37A5}"
EndProject
Project("{9A19103F-16F7-4668-BE54-9A1E7A4F7556}") = "HolisticWare.Xamarin.Tools.GitHub", "HolisticWare.Xamarin.Tools.GitHub\HolisticWare.Xamarin.Tools.GitHub.csproj", "{9D245D80-B18E-4D3F-BC96-94C1CB8A1228}"
EndProject
Project("{2150E333-8FDC-42A3-9474-1A3956D46DE8}") = "externals", "externals", "{4CA4F6C3-EE77-4829-B0AA-A4D1BA076720}"
EndProject
Project("{9A19103F-16F7-4668-BE54-9A1E7A4F7556}") = "HolisticWare.Core.netstandard10", "..\externals\Core\source\HolisticWare.Core.netstandard10\HolisticWare.Core.netstandard10.csproj", "{AAC41B7E-91C6-4CC2-B0DC-12C7B5A413A9}"
EndProject
Project("{9A19103F-16F7-4668-BE54-9A1E7A4F7556}") = "HolisticWare.Core.netstandard11", "..\externals\Core\source\HolisticWare.Core.netstandard11\HolisticWare.Core.netstandard11.csproj", "{E041B996-7DAC-41FC-A538-757482195BBF}"
EndProject
Project("{D954291E-2A0B-460D-934E-DC6B0785DB48}") = "HolisticWare.Core", "..\externals\Core\source\HolisticWare.Core\HolisticWare.Core.shproj", "{D9C95725-5047-492A-AE33-052D970E74B1}"
EndProject
Global
	GlobalSection(SharedMSBuildProjectFiles) = preSolution
		..\externals\Core\source\HolisticWare.Core\HolisticWare.Core.projitems*{aac41b7e-91c6-4cc2-b0dc-12c7b5a413a9}*SharedItemsImports = 5
		..\externals\Core\source\HolisticWare.Core\HolisticWare.Core.projitems*{d9c95725-5047-492a-ae33-052d970e74b1}*SharedItemsImports = 13
		..\externals\Core\source\HolisticWare.Core\HolisticWare.Core.projitems*{e041b996-7dac-41fc-a538-757482195bbf}*SharedItemsImports = 5
	EndGlobalSection
	GlobalSection(SolutionConfigurationPlatforms) = preSolution
		Debug|Any CPU = Debug|Any CPU
		Release|Any CPU = Release|Any CPU
	EndGlobalSection
	GlobalSection(ProjectConfigurationPlatforms) = postSolution
		{541CA104-B14D-45DA-A5AC-CE9D852D3F3E}.Debug|Any CPU.ActiveCfg = Debug|Any CPU
		{541CA104-B14D-45DA-A5AC-CE9D852D3F3E}.Debug|Any CPU.Build.0 = Debug|Any CPU
		{541CA104-B14D-45DA-A5AC-CE9D852D3F3E}.Release|Any CPU.ActiveCfg = Release|Any CPU
		{541CA104-B14D-45DA-A5AC-CE9D852D3F3E}.Release|Any CPU.Build.0 = Release|Any CPU
		{B7A2EA9F-9D42-440A-9A12-F3A64B179E01}.Debug|Any CPU.ActiveCfg = Debug|Any CPU
		{B7A2EA9F-9D42-440A-9A12-F3A64B179E01}.Debug|Any CPU.Build.0 = Debug|Any CPU
		{B7A2EA9F-9D42-440A-9A12-F3A64B179E01}.Release|Any CPU.ActiveCfg = Release|Any CPU
		{B7A2EA9F-9D42-440A-9A12-F3A64B179E01}.Release|Any CPU.Build.0 = Release|Any CPU
		{4036F62E-0833-42F1-8976-BC1CB3DD37A5}.Debug|Any CPU.ActiveCfg = Debug|Any CPU
		{4036F62E-0833-42F1-8976-BC1CB3DD37A5}.Debug|Any CPU.Build.0 = Debug|Any CPU
		{4036F62E-0833-42F1-8976-BC1CB3DD37A5}.Release|Any CPU.ActiveCfg = Release|Any CPU
		{4036F62E-0833-42F1-8976-BC1CB3DD37A5}.Release|Any CPU.Build.0 = Release|Any CPU
		{9D245D80-B18E-4D3F-BC96-94C1CB8A1228}.Debug|Any CPU.ActiveCfg = Debug|Any CPU
		{9D245D80-B18E-4D3F-BC96-94C1CB8A1228}.Debug|Any CPU.Build.0 = Debug|Any CPU
		{9D245D80-B18E-4D3F-BC96-94C1CB8A1228}.Release|Any CPU.ActiveCfg = Release|Any CPU
		{9D245D80-B18E-4D3F-BC96-94C1CB8A1228}.Release|Any CPU.Build.0 = Release|Any CPU
		{AAC41B7E-91C6-4CC2-B0DC-12C7B5A413A9}.Debug|Any CPU.ActiveCfg = Debug|Any CPU
		{AAC41B7E-91C6-4CC2-B0DC-12C7B5A413A9}.Debug|Any CPU.Build.0 = Debug|Any CPU
		{AAC41B7E-91C6-4CC2-B0DC-12C7B5A413A9}.Release|Any CPU.ActiveCfg = Release|Any CPU
		{AAC41B7E-91C6-4CC2-B0DC-12C7B5A413A9}.Release|Any CPU.Build.0 = Release|Any CPU
		{E041B996-7DAC-41FC-A538-757482195BBF}.Debug|Any CPU.ActiveCfg = Debug|Any CPU
		{E041B996-7DAC-41FC-A538-757482195BBF}.Debug|Any CPU.Build.0 = Debug|Any CPU
		{E041B996-7DAC-41FC-A538-757482195BBF}.Release|Any CPU.ActiveCfg = Release|Any CPU
		{E041B996-7DAC-41FC-A538-757482195BBF}.Release|Any CPU.Build.0 = Release|Any CPU
	EndGlobalSection
	GlobalSection(SolutionProperties) = preSolution
		HideSolutionNode = FALSE
	EndGlobalSection
	GlobalSection(NestedProjects) = preSolution
		{AAC41B7E-91C6-4CC2-B0DC-12C7B5A413A9} = {4CA4F6C3-EE77-4829-B0AA-A4D1BA076720}
		{E041B996-7DAC-41FC-A538-757482195BBF} = {4CA4F6C3-EE77-4829-B0AA-A4D1BA076720}
		{D9C95725-5047-492A-AE33-052D970E74B1} = {4CA4F6C3-EE77-4829-B0AA-A4D1BA076720}
	EndGlobalSection
	GlobalSection(ExtensibilityGlobals) = postSolution
		SolutionGuid = {5F904396-1602-4536-AE11-A3F2F24B7CD3}
	EndGlobalSection
EndGlobal
