Microsoft Visual Studio Solution File, Format Version 12.00
# Visual Studio Version 16
VisualStudioVersion = 16.0.30524.135
MinimumVisualStudioVersion = 10.0.40219.1
Project("{9A19103F-16F7-4668-BE54-9A1E7A4F7556}") = "HolisticWare.Xamarin.Tools.GitHub", "HolisticWare.Xamarin.Tools.GitHub\HolisticWare.Xamarin.Tools.GitHub.csproj", "{9D245D80-B18E-4D3F-BC96-94C1CB8A1228}"
EndProject
Project("{9A19103F-16F7-4668-BE54-9A1E7A4F7556}") = "HolisticWare.Xamarin.Tools.Bindings.XamarinAndroid.Maven", "HolisticWare.Xamarin.Tools.Bindings.XamarinAndroid.Maven\HolisticWare.Xamarin.Tools.Bindings.XamarinAndroid.Maven.csproj", "{E830D87B-7934-4613-B5F8-79A01A05E165}"
EndProject
Project("{9A19103F-16F7-4668-BE54-9A1E7A4F7556}") = "HolisticWare.Xamarin.Tools.Bindings.XamarinAndroid.FassBinderMeister", "HolisticWare.Xamarin.Tools.Bindings.XamarinAndroid.FassBinderMeister\HolisticWare.Xamarin.Tools.Bindings.XamarinAndroid.FassBinderMeister.csproj", "{541CA104-B14D-45DA-A5AC-CE9D852D3F3E}"
EndProject
Project("{9A19103F-16F7-4668-BE54-9A1E7A4F7556}") = "HolisticWare.Xamarin.Tools.Bindings.XamarinAndroid.FassBinderMeister.Data", "HolisticWare.Xamarin.Tools.Bindings.XamarinAndroid.FassBinderMeister.Data\HolisticWare.Xamarin.Tools.Bindings.XamarinAndroid.FassBinderMeister.Data.csproj", "{B7A2EA9F-9D42-440A-9A12-F3A64B179E01}"
EndProject
Project("{2150E333-8FDC-42A3-9474-1A3956D46DE8}") = "externals-submodules", "externals-submodules", "{4CA4F6C3-EE77-4829-B0AA-A4D1BA076720}"
EndProject
Project("{2150E333-8FDC-42A3-9474-1A3956D46DE8}") = "Core", "Core", "{1CC48AA9-5618-4049-9649-E50DADE9CBEF}"
EndProject
Project("{2150E333-8FDC-42A3-9474-1A3956D46DE8}") = "Core.Serialization", "Core.Serialization", "{9BBB7531-CA9D-4169-BAF6-C40E9E5388A7}"
EndProject
Project("{2150E333-8FDC-42A3-9474-1A3956D46DE8}") = "Core.Math.Discrete.GraphTheory", "Core.Math.Discrete.GraphTheory", "{3B0E422A-965B-42E0-BD9E-1DB96D9014FC}"
EndProject
Project("{9A19103F-16F7-4668-BE54-9A1E7A4F7556}") = "HolisticWare.Core", "..\externals-submodules\Core\source\HolisticWare.Core\HolisticWare.Core.csproj", "{30B61126-739F-47EC-97FE-D8D9F45D6D87}"
EndProject
Project("{9A19103F-16F7-4668-BE54-9A1E7A4F7556}") = "HolisticWare.Core.Serialization", "..\externals-submodules\Core.Serialization\source\HolisticWare.Core.Serialization\HolisticWare.Core.Serialization.csproj", "{8E0F537C-1023-4AE1-B244-E6E87758053F}"
EndProject
Project("{9A19103F-16F7-4668-BE54-9A1E7A4F7556}") = "HolisticWare.Xamarin.Tools.NuGet.Client.ServerAPI", "HolisticWare.Xamarin.Tools.NuGet.Client.ServerAPI\HolisticWare.Xamarin.Tools.NuGet.Client.ServerAPI.csproj", "{D415348E-06A2-4050-A0B6-4AD59ACEDC9E}"
EndProject
Project("{9A19103F-16F7-4668-BE54-9A1E7A4F7556}") = "HolisticWare.Xamarin.Tools.NuGet.Client.ClientAPI", "HolisticWare.Xamarin.Tools.NuGet.Client.ClientAPI\HolisticWare.Xamarin.Tools.NuGet.Client.ClientAPI.csproj", "{52E23EFC-504B-472A-9580-CC8355B9C9FB}"
EndProject
Project("{9A19103F-16F7-4668-BE54-9A1E7A4F7556}") = "HolisticWare.Core.Math.Discrete.GraphTheory.netstandard10", "..\externals-submodules\Core.Math.Discrete.GraphTheory\source\HolisticWare.Core.Math.Discrete.GraphTheory.netstandard10\HolisticWare.Core.Math.Discrete.GraphTheory.netstandard10.csproj", "{558868B8-8818-4578-8710-12E6A127F37A}"
EndProject
Project("{9A19103F-16F7-4668-BE54-9A1E7A4F7556}") = "HolisticWare.Xamarin.Tools.NuGet.Client.Core", "HolisticWare.Xamarin.Tools.NuGet.Client.Core\HolisticWare.Xamarin.Tools.NuGet.Client.Core.csproj", "{09FC6485-959E-440F-BA16-284960DE50B7}"
EndProject
Project("{9A19103F-16F7-4668-BE54-9A1E7A4F7556}") = "HolisticWare.Xamarin.Tools.Maven", "HolisticWare.Xamarin.Tools.Maven\HolisticWare.Xamarin.Tools.Maven.csproj", "{FCFB4B96-C0BC-4DFE-B3F4-B5118E586792}"
EndProject
Project("{9A19103F-16F7-4668-BE54-9A1E7A4F7556}") = "HolisticWare.Xamarin.Tools.Maven.Repositories", "HolisticWare.Xamarin.Tools.Maven.Repositories\HolisticWare.Xamarin.Tools.Maven.Repositories.csproj", "{3A60C13B-25EF-4D3A-A94D-78D46A42C24B}"
EndProject
Project("{9A19103F-16F7-4668-BE54-9A1E7A4F7556}") = "HolisticWare.Core.IO", "..\externals-submodules\Core.IO\source\HolisticWare.Core.IO\HolisticWare.Core.IO.csproj", "{DA160ED1-81E2-453F-B4FD-97AC5F6DAF8F}"
EndProject
Project("{9A19103F-16F7-4668-BE54-9A1E7A4F7556}") = "HolisticWare.Core.Net", "..\externals-submodules\Core.Net\source\HolisticWare.Core.Net\HolisticWare.Core.Net.csproj", "{328BB28A-F244-4257-B0BB-3B9BEB99E004}"
EndProject
Project("{9A19103F-16F7-4668-BE54-9A1E7A4F7556}") = "HolisticWare.Core.Net.HTTP", "..\externals-submodules\Core.Net\source\HolisticWare.Core.Net.HTTP\HolisticWare.Core.Net.HTTP.csproj", "{F987630B-CCBF-4FCA-83CC-0CDF4EF36C49}"
EndProject
Project("{9A19103F-16F7-4668-BE54-9A1E7A4F7556}") = "HolisticWare.Core.Versioning", "..\externals-submodules\Core.Versioning\source\HolisticWare.Core.Versioning\HolisticWare.Core.Versioning.csproj", "{A26F2CC7-2886-4D54-B044-94D5547916EB}"
EndProject
Project("{2150E333-8FDC-42A3-9474-1A3956D46DE8}") = "Core.IO", "Core.IO", "{A5E12862-8663-46DC-8CEE-EDBD151451F4}"
EndProject
Project("{2150E333-8FDC-42A3-9474-1A3956D46DE8}") = "Core.Net", "Core.Net", "{2B02FBEB-F2B9-4D52-9214-ED84F35827C0}"
EndProject
Project("{2150E333-8FDC-42A3-9474-1A3956D46DE8}") = "Core.Versioning", "Core.Versioning", "{33B02CB4-CF30-4EAF-981A-FC286F837015}"
EndProject
Project("{FAE04EC0-301F-11D3-BF4B-00C04F79EFBC}") = "HolisticWare.Xamarin.Tools.ComponentGovernance", "HolisticWare.Xamarin.Tools.ComponentGovernance\HolisticWare.Xamarin.Tools.ComponentGovernance.csproj", "{7F2B6285-DB40-4B9F-83EE-33F398E9299C}"
EndProject
Project("{2150E333-8FDC-42A3-9474-1A3956D46DE8}") = "Solution Items", "Solution Items", "{4161492A-11A0-4076-B5DE-F9D75F53498B}"
	ProjectSection(SolutionItems) = preProject
		Directory.Build.props = Directory.Build.props
		Rules-N-Recommendations.ruleset = Rules-N-Recommendations.ruleset
		Directory.Packages.props = Directory.Packages.props
	EndProjectSection
EndProject
Project("{FAE04EC0-301F-11D3-BF4B-00C04F79EFBC}") = "HolisticWare.Xamarin.Tools.Bindings.XamarinAndroid.FassBinderMeister.Core", "HolisticWare.Xamarin.Tools.Bindings.XamarinAndroid.FassBinderMeister.Core\HolisticWare.Xamarin.Tools.Bindings.XamarinAndroid.FassBinderMeister.Core.csproj", "{95BFE42E-B4D4-499B-888E-8CD402502E90}"
EndProject
Project("{FAE04EC0-301F-11D3-BF4B-00C04F79EFBC}") = "HolisticWare.Xamarin.Tools.Bindings.XamarinAndroid.FassBinderMeister.Extensions", "HolisticWare.Xamarin.Tools.Bindings.XamarinAndroid.FassBinderMeister.Extensions\HolisticWare.Xamarin.Tools.Bindings.XamarinAndroid.FassBinderMeister.Extensions.csproj", "{305B4BC9-7540-4D78-A479-08FB14BF2469}"
EndProject
Project("{FAE04EC0-301F-11D3-BF4B-00C04F79EFBC}") = "HolisticWare.Xamarin.Tools.NuGet.NeekNoke", "HolisticWare.Xamarin.Tools.NuGet.NeekNoke\HolisticWare.Xamarin.Tools.NuGet.NeekNoke.csproj", "{60AB3429-5FFC-46CB-9791-261BF6903738}"
EndProject
Project("{FAE04EC0-301F-11D3-BF4B-00C04F79EFBC}") = "HolisticWare.Xamarin.Tools.NuGet.Client.ServerAPI.Jil", "HolisticWare.Xamarin.Tools.NuGet.Client.ServerAPI.Jil\HolisticWare.Xamarin.Tools.NuGet.Client.ServerAPI.Jil.csproj", "{C0E53CB0-CC64-40FB-9631-A3B9BA275185}"
EndProject
Project("{FAE04EC0-301F-11D3-BF4B-00C04F79EFBC}") = "HolisticWare.Xamarin.Tools.NuGet.Client.ServerAPI.System.Text.JSON", "HolisticWare.Xamarin.Tools.NuGet.Client.ServerAPI.System.Text.JSON\HolisticWare.Xamarin.Tools.NuGet.Client.ServerAPI.System.Text.JSON.csproj", "{3A20579A-91CC-4DD4-9009-C02C5EA9995B}"
EndProject
Project("{FAE04EC0-301F-11D3-BF4B-00C04F79EFBC}") = "HolisticWare.Xamarin.Tools.NuGet.Client.ServerAPI.Newtonsoft.JSON", "HolisticWare.Xamarin.Tools.NuGet.Client.ServerAPI.Newtonsoft.JSON\HolisticWare.Xamarin.Tools.NuGet.Client.ServerAPI.Newtonsoft.JSON.csproj", "{A2381718-5D13-446F-BEC4-5856A915C959}"
EndProject
Global
	GlobalSection(SharedMSBuildProjectFiles) = preSolution
		..\externals-submodules\Core.Math.Discrete.GraphTheory\source\HolisticWare.Core.Math.Discrete.GraphTheory.netstandard10-shared\HolisticWare.Core.Math.Discrete.GraphTheory.netstandard10-shared.projitems*{558868b8-8818-4578-8710-12e6a127f37a}*SharedItemsImports = 5
	EndGlobalSection
	GlobalSection(SolutionConfigurationPlatforms) = preSolution
		Debug|Any CPU = Debug|Any CPU
		Release|Any CPU = Release|Any CPU
	EndGlobalSection
	GlobalSection(ProjectConfigurationPlatforms) = postSolution
		{9D245D80-B18E-4D3F-BC96-94C1CB8A1228}.Debug|Any CPU.ActiveCfg = Debug|Any CPU
		{9D245D80-B18E-4D3F-BC96-94C1CB8A1228}.Debug|Any CPU.Build.0 = Debug|Any CPU
		{9D245D80-B18E-4D3F-BC96-94C1CB8A1228}.Release|Any CPU.ActiveCfg = Release|Any CPU
		{9D245D80-B18E-4D3F-BC96-94C1CB8A1228}.Release|Any CPU.Build.0 = Release|Any CPU
		{E830D87B-7934-4613-B5F8-79A01A05E165}.Debug|Any CPU.ActiveCfg = Debug|Any CPU
		{E830D87B-7934-4613-B5F8-79A01A05E165}.Debug|Any CPU.Build.0 = Debug|Any CPU
		{E830D87B-7934-4613-B5F8-79A01A05E165}.Release|Any CPU.ActiveCfg = Release|Any CPU
		{E830D87B-7934-4613-B5F8-79A01A05E165}.Release|Any CPU.Build.0 = Release|Any CPU
		{541CA104-B14D-45DA-A5AC-CE9D852D3F3E}.Debug|Any CPU.ActiveCfg = Debug|Any CPU
		{541CA104-B14D-45DA-A5AC-CE9D852D3F3E}.Debug|Any CPU.Build.0 = Debug|Any CPU
		{541CA104-B14D-45DA-A5AC-CE9D852D3F3E}.Release|Any CPU.ActiveCfg = Release|Any CPU
		{541CA104-B14D-45DA-A5AC-CE9D852D3F3E}.Release|Any CPU.Build.0 = Release|Any CPU
		{B7A2EA9F-9D42-440A-9A12-F3A64B179E01}.Debug|Any CPU.ActiveCfg = Debug|Any CPU
		{B7A2EA9F-9D42-440A-9A12-F3A64B179E01}.Debug|Any CPU.Build.0 = Debug|Any CPU
		{B7A2EA9F-9D42-440A-9A12-F3A64B179E01}.Release|Any CPU.ActiveCfg = Release|Any CPU
		{B7A2EA9F-9D42-440A-9A12-F3A64B179E01}.Release|Any CPU.Build.0 = Release|Any CPU
		{30B61126-739F-47EC-97FE-D8D9F45D6D87}.Debug|Any CPU.ActiveCfg = Debug|Any CPU
		{30B61126-739F-47EC-97FE-D8D9F45D6D87}.Debug|Any CPU.Build.0 = Debug|Any CPU
		{30B61126-739F-47EC-97FE-D8D9F45D6D87}.Release|Any CPU.ActiveCfg = Release|Any CPU
		{30B61126-739F-47EC-97FE-D8D9F45D6D87}.Release|Any CPU.Build.0 = Release|Any CPU
		{8E0F537C-1023-4AE1-B244-E6E87758053F}.Debug|Any CPU.ActiveCfg = Debug|Any CPU
		{8E0F537C-1023-4AE1-B244-E6E87758053F}.Debug|Any CPU.Build.0 = Debug|Any CPU
		{8E0F537C-1023-4AE1-B244-E6E87758053F}.Release|Any CPU.ActiveCfg = Release|Any CPU
		{8E0F537C-1023-4AE1-B244-E6E87758053F}.Release|Any CPU.Build.0 = Release|Any CPU
		{D415348E-06A2-4050-A0B6-4AD59ACEDC9E}.Debug|Any CPU.ActiveCfg = Debug|Any CPU
		{D415348E-06A2-4050-A0B6-4AD59ACEDC9E}.Debug|Any CPU.Build.0 = Debug|Any CPU
		{D415348E-06A2-4050-A0B6-4AD59ACEDC9E}.Release|Any CPU.ActiveCfg = Release|Any CPU
		{D415348E-06A2-4050-A0B6-4AD59ACEDC9E}.Release|Any CPU.Build.0 = Release|Any CPU
		{52E23EFC-504B-472A-9580-CC8355B9C9FB}.Debug|Any CPU.ActiveCfg = Debug|Any CPU
		{52E23EFC-504B-472A-9580-CC8355B9C9FB}.Debug|Any CPU.Build.0 = Debug|Any CPU
		{52E23EFC-504B-472A-9580-CC8355B9C9FB}.Release|Any CPU.ActiveCfg = Release|Any CPU
		{52E23EFC-504B-472A-9580-CC8355B9C9FB}.Release|Any CPU.Build.0 = Release|Any CPU
		{558868B8-8818-4578-8710-12E6A127F37A}.Debug|Any CPU.ActiveCfg = Debug|Any CPU
		{558868B8-8818-4578-8710-12E6A127F37A}.Debug|Any CPU.Build.0 = Debug|Any CPU
		{558868B8-8818-4578-8710-12E6A127F37A}.Release|Any CPU.ActiveCfg = Release|Any CPU
		{558868B8-8818-4578-8710-12E6A127F37A}.Release|Any CPU.Build.0 = Release|Any CPU
		{09FC6485-959E-440F-BA16-284960DE50B7}.Debug|Any CPU.ActiveCfg = Debug|Any CPU
		{09FC6485-959E-440F-BA16-284960DE50B7}.Debug|Any CPU.Build.0 = Debug|Any CPU
		{09FC6485-959E-440F-BA16-284960DE50B7}.Release|Any CPU.ActiveCfg = Release|Any CPU
		{09FC6485-959E-440F-BA16-284960DE50B7}.Release|Any CPU.Build.0 = Release|Any CPU
		{FCFB4B96-C0BC-4DFE-B3F4-B5118E586792}.Debug|Any CPU.ActiveCfg = Debug|Any CPU
		{FCFB4B96-C0BC-4DFE-B3F4-B5118E586792}.Debug|Any CPU.Build.0 = Debug|Any CPU
		{FCFB4B96-C0BC-4DFE-B3F4-B5118E586792}.Release|Any CPU.ActiveCfg = Release|Any CPU
		{FCFB4B96-C0BC-4DFE-B3F4-B5118E586792}.Release|Any CPU.Build.0 = Release|Any CPU
		{3A60C13B-25EF-4D3A-A94D-78D46A42C24B}.Debug|Any CPU.ActiveCfg = Debug|Any CPU
		{3A60C13B-25EF-4D3A-A94D-78D46A42C24B}.Debug|Any CPU.Build.0 = Debug|Any CPU
		{3A60C13B-25EF-4D3A-A94D-78D46A42C24B}.Release|Any CPU.ActiveCfg = Release|Any CPU
		{3A60C13B-25EF-4D3A-A94D-78D46A42C24B}.Release|Any CPU.Build.0 = Release|Any CPU
		{DA160ED1-81E2-453F-B4FD-97AC5F6DAF8F}.Debug|Any CPU.ActiveCfg = Debug|Any CPU
		{DA160ED1-81E2-453F-B4FD-97AC5F6DAF8F}.Debug|Any CPU.Build.0 = Debug|Any CPU
		{DA160ED1-81E2-453F-B4FD-97AC5F6DAF8F}.Release|Any CPU.ActiveCfg = Release|Any CPU
		{DA160ED1-81E2-453F-B4FD-97AC5F6DAF8F}.Release|Any CPU.Build.0 = Release|Any CPU
		{328BB28A-F244-4257-B0BB-3B9BEB99E004}.Debug|Any CPU.ActiveCfg = Debug|Any CPU
		{328BB28A-F244-4257-B0BB-3B9BEB99E004}.Debug|Any CPU.Build.0 = Debug|Any CPU
		{328BB28A-F244-4257-B0BB-3B9BEB99E004}.Release|Any CPU.ActiveCfg = Release|Any CPU
		{328BB28A-F244-4257-B0BB-3B9BEB99E004}.Release|Any CPU.Build.0 = Release|Any CPU
		{F987630B-CCBF-4FCA-83CC-0CDF4EF36C49}.Debug|Any CPU.ActiveCfg = Debug|Any CPU
		{F987630B-CCBF-4FCA-83CC-0CDF4EF36C49}.Debug|Any CPU.Build.0 = Debug|Any CPU
		{F987630B-CCBF-4FCA-83CC-0CDF4EF36C49}.Release|Any CPU.ActiveCfg = Release|Any CPU
		{F987630B-CCBF-4FCA-83CC-0CDF4EF36C49}.Release|Any CPU.Build.0 = Release|Any CPU
		{A26F2CC7-2886-4D54-B044-94D5547916EB}.Debug|Any CPU.ActiveCfg = Debug|Any CPU
		{A26F2CC7-2886-4D54-B044-94D5547916EB}.Debug|Any CPU.Build.0 = Debug|Any CPU
		{A26F2CC7-2886-4D54-B044-94D5547916EB}.Release|Any CPU.ActiveCfg = Release|Any CPU
		{A26F2CC7-2886-4D54-B044-94D5547916EB}.Release|Any CPU.Build.0 = Release|Any CPU
		{7F2B6285-DB40-4B9F-83EE-33F398E9299C}.Debug|Any CPU.ActiveCfg = Debug|Any CPU
		{7F2B6285-DB40-4B9F-83EE-33F398E9299C}.Debug|Any CPU.Build.0 = Debug|Any CPU
		{7F2B6285-DB40-4B9F-83EE-33F398E9299C}.Release|Any CPU.ActiveCfg = Release|Any CPU
		{7F2B6285-DB40-4B9F-83EE-33F398E9299C}.Release|Any CPU.Build.0 = Release|Any CPU
		{95BFE42E-B4D4-499B-888E-8CD402502E90}.Debug|Any CPU.ActiveCfg = Debug|Any CPU
		{95BFE42E-B4D4-499B-888E-8CD402502E90}.Debug|Any CPU.Build.0 = Debug|Any CPU
		{95BFE42E-B4D4-499B-888E-8CD402502E90}.Release|Any CPU.ActiveCfg = Release|Any CPU
		{95BFE42E-B4D4-499B-888E-8CD402502E90}.Release|Any CPU.Build.0 = Release|Any CPU
		{305B4BC9-7540-4D78-A479-08FB14BF2469}.Debug|Any CPU.ActiveCfg = Debug|Any CPU
		{305B4BC9-7540-4D78-A479-08FB14BF2469}.Debug|Any CPU.Build.0 = Debug|Any CPU
		{305B4BC9-7540-4D78-A479-08FB14BF2469}.Release|Any CPU.ActiveCfg = Release|Any CPU
		{305B4BC9-7540-4D78-A479-08FB14BF2469}.Release|Any CPU.Build.0 = Release|Any CPU
		{60AB3429-5FFC-46CB-9791-261BF6903738}.Debug|Any CPU.ActiveCfg = Debug|Any CPU
		{60AB3429-5FFC-46CB-9791-261BF6903738}.Debug|Any CPU.Build.0 = Debug|Any CPU
		{60AB3429-5FFC-46CB-9791-261BF6903738}.Release|Any CPU.ActiveCfg = Release|Any CPU
		{60AB3429-5FFC-46CB-9791-261BF6903738}.Release|Any CPU.Build.0 = Release|Any CPU
		{C0E53CB0-CC64-40FB-9631-A3B9BA275185}.Debug|Any CPU.ActiveCfg = Debug|Any CPU
		{C0E53CB0-CC64-40FB-9631-A3B9BA275185}.Debug|Any CPU.Build.0 = Debug|Any CPU
		{C0E53CB0-CC64-40FB-9631-A3B9BA275185}.Release|Any CPU.ActiveCfg = Release|Any CPU
		{C0E53CB0-CC64-40FB-9631-A3B9BA275185}.Release|Any CPU.Build.0 = Release|Any CPU
		{3A20579A-91CC-4DD4-9009-C02C5EA9995B}.Debug|Any CPU.ActiveCfg = Debug|Any CPU
		{3A20579A-91CC-4DD4-9009-C02C5EA9995B}.Debug|Any CPU.Build.0 = Debug|Any CPU
		{3A20579A-91CC-4DD4-9009-C02C5EA9995B}.Release|Any CPU.ActiveCfg = Release|Any CPU
		{3A20579A-91CC-4DD4-9009-C02C5EA9995B}.Release|Any CPU.Build.0 = Release|Any CPU
		{A2381718-5D13-446F-BEC4-5856A915C959}.Debug|Any CPU.ActiveCfg = Debug|Any CPU
		{A2381718-5D13-446F-BEC4-5856A915C959}.Debug|Any CPU.Build.0 = Debug|Any CPU
		{A2381718-5D13-446F-BEC4-5856A915C959}.Release|Any CPU.ActiveCfg = Release|Any CPU
		{A2381718-5D13-446F-BEC4-5856A915C959}.Release|Any CPU.Build.0 = Release|Any CPU
	EndGlobalSection
	GlobalSection(SolutionProperties) = preSolution
		HideSolutionNode = FALSE
	EndGlobalSection
	GlobalSection(NestedProjects) = preSolution
		{1CC48AA9-5618-4049-9649-E50DADE9CBEF} = {4CA4F6C3-EE77-4829-B0AA-A4D1BA076720}
		{9BBB7531-CA9D-4169-BAF6-C40E9E5388A7} = {4CA4F6C3-EE77-4829-B0AA-A4D1BA076720}
		{3B0E422A-965B-42E0-BD9E-1DB96D9014FC} = {4CA4F6C3-EE77-4829-B0AA-A4D1BA076720}
		{30B61126-739F-47EC-97FE-D8D9F45D6D87} = {1CC48AA9-5618-4049-9649-E50DADE9CBEF}
		{8E0F537C-1023-4AE1-B244-E6E87758053F} = {9BBB7531-CA9D-4169-BAF6-C40E9E5388A7}
		{558868B8-8818-4578-8710-12E6A127F37A} = {3B0E422A-965B-42E0-BD9E-1DB96D9014FC}
		{DA160ED1-81E2-453F-B4FD-97AC5F6DAF8F} = {A5E12862-8663-46DC-8CEE-EDBD151451F4}
		{328BB28A-F244-4257-B0BB-3B9BEB99E004} = {2B02FBEB-F2B9-4D52-9214-ED84F35827C0}
		{F987630B-CCBF-4FCA-83CC-0CDF4EF36C49} = {2B02FBEB-F2B9-4D52-9214-ED84F35827C0}
		{A26F2CC7-2886-4D54-B044-94D5547916EB} = {33B02CB4-CF30-4EAF-981A-FC286F837015}
		{A5E12862-8663-46DC-8CEE-EDBD151451F4} = {4CA4F6C3-EE77-4829-B0AA-A4D1BA076720}
		{2B02FBEB-F2B9-4D52-9214-ED84F35827C0} = {4CA4F6C3-EE77-4829-B0AA-A4D1BA076720}
		{33B02CB4-CF30-4EAF-981A-FC286F837015} = {4CA4F6C3-EE77-4829-B0AA-A4D1BA076720}
	EndGlobalSection
	GlobalSection(ExtensibilityGlobals) = postSolution
		SolutionGuid = {110BC8EF-DB8B-4752-949E-1F6DFFA3521E}
	EndGlobalSection
EndGlobal
