
Microsoft Visual Studio Solution File, Format Version 12.00
# Visual Studio 15
VisualStudioVersion = 15.0.26124.0
MinimumVisualStudioVersion = 15.0.26124.0
Project("{FAE04EC0-301F-11D3-BF4B-00C04F79EFBC}") = "HolisticWare.Xamarin.Tools.Bindings.XamarinAndroid.FassBinderMeister", "HolisticWare.Xamarin.Tools.Bindings.XamarinAndroid.FassBinderMeister\HolisticWare.Xamarin.Tools.Bindings.XamarinAndroid.FassBinderMeister.csproj", "{541CA104-B14D-45DA-A5AC-CE9D852D3F3E}"
EndProject
Project("{FAE04EC0-301F-11D3-BF4B-00C04F79EFBC}") = "HolisticWare.Xamarin.Tools.Bindings.XamarinAndroid.FassBinderMeister.Data", "HolisticWare.Xamarin.Tools.Bindings.XamarinAndroid.FassBinderMeister.Data\HolisticWare.Xamarin.Tools.Bindings.XamarinAndroid.FassBinderMeister.Data.csproj", "{B7A2EA9F-9D42-440A-9A12-F3A64B179E01}"
EndProject
Project("{FAE04EC0-301F-11D3-BF4B-00C04F79EFBC}") = "HolisticWare.Xamarin.Tools.NuGet", "HolisticWare.Xamarin.Tools.NuGet\HolisticWare.Xamarin.Tools.NuGet.csproj", "{4036F62E-0833-42F1-8976-BC1CB3DD37A5}"
EndProject
Project("{FAE04EC0-301F-11D3-BF4B-00C04F79EFBC}") = "HolisticWare.Xamarin.Tools.GitHub", "HolisticWare.Xamarin.Tools.GitHub\HolisticWare.Xamarin.Tools.GitHub.csproj", "{9D245D80-B18E-4D3F-BC96-94C1CB8A1228}"
EndProject
Global
	GlobalSection(SolutionConfigurationPlatforms) = preSolution
		Debug|Any CPU = Debug|Any CPU
		Release|Any CPU = Release|Any CPU
	EndGlobalSection
	GlobalSection(ProjectConfigurationPlatforms) = postSolution
		{541CA104-B14D-45DA-A5AC-CE9D852D3F3E}.Debug|Any CPU.ActiveCfg = Debug|Any CPU
		{541CA104-B14D-45DA-A5AC-CE9D852D3F3E}.Debug|Any CPU.Build.0 = Debug|Any CPU
		{541CA104-B14D-45DA-A5AC-CE9D852D3F3E}.Release|Any CPU.ActiveCfg = Release|Any CPU
		{541CA104-B14D-45DA-A5AC-CE9D852D3F3E}.Release|Any CPU.Build.0 = Release|Any CPU
		{B7A2EA9F-9D42-440A-9A12-F3A64B179E01}.Debug|Any CPU.ActiveCfg = Debug|Any CPU
		{B7A2EA9F-9D42-440A-9A12-F3A64B179E01}.Debug|Any CPU.Build.0 = Debug|Any CPU
		{B7A2EA9F-9D42-440A-9A12-F3A64B179E01}.Release|Any CPU.ActiveCfg = Release|Any CPU
		{B7A2EA9F-9D42-440A-9A12-F3A64B179E01}.Release|Any CPU.Build.0 = Release|Any CPU
		{4036F62E-0833-42F1-8976-BC1CB3DD37A5}.Debug|Any CPU.ActiveCfg = Debug|Any CPU
		{4036F62E-0833-42F1-8976-BC1CB3DD37A5}.Debug|Any CPU.Build.0 = Debug|Any CPU
		{4036F62E-0833-42F1-8976-BC1CB3DD37A5}.Release|Any CPU.ActiveCfg = Release|Any CPU
		{4036F62E-0833-42F1-8976-BC1CB3DD37A5}.Release|Any CPU.Build.0 = Release|Any CPU
		{9D245D80-B18E-4D3F-BC96-94C1CB8A1228}.Debug|Any CPU.ActiveCfg = Debug|Any CPU
		{9D245D80-B18E-4D3F-BC96-94C1CB8A1228}.Debug|Any CPU.Build.0 = Debug|Any CPU
		{9D245D80-B18E-4D3F-BC96-94C1CB8A1228}.Release|Any CPU.ActiveCfg = Release|Any CPU
		{9D245D80-B18E-4D3F-BC96-94C1CB8A1228}.Release|Any CPU.Build.0 = Release|Any CPU
	EndGlobalSection
EndGlobal
